
Microsoft Visual Studio Solution File, Format Version 10.00
# Visual Studio 2008
Project("{FAE04EC0-301F-11D3-BF4B-00C04F79EFBC}") = "js", "js.csproj", "{91DA60B4-C2C5-49DD-A061-0557F7412020}"
EndProject
Project("{FAE04EC0-301F-11D3-BF4B-00C04F79EFBC}") = "ControlWord", "..\cs\silverlight\ControlWord\ControlWord.csproj", "{6A69F1DB-3265-4EA6-9AB8-379CD0EEFCCC}"
EndProject
Project("{FAE04EC0-301F-11D3-BF4B-00C04F79EFBC}") = "ControlWord.Web", "..\cs\silverlight\ControlWord.Web\ControlWord.Web.csproj", "{6176493B-77C8-467B-95E8-48644D7A1FD3}"
EndProject
Global
	GlobalSection(SolutionConfigurationPlatforms) = preSolution
		Debug|Any CPU = Debug|Any CPU
		Release|Any CPU = Release|Any CPU
	EndGlobalSection
	GlobalSection(ProjectConfigurationPlatforms) = postSolution
		{91DA60B4-C2C5-49DD-A061-0557F7412020}.Debug|Any CPU.ActiveCfg = Debug|Any CPU
		{91DA60B4-C2C5-49DD-A061-0557F7412020}.Debug|Any CPU.Build.0 = Debug|Any CPU
		{91DA60B4-C2C5-49DD-A061-0557F7412020}.Release|Any CPU.ActiveCfg = Release|Any CPU
		{91DA60B4-C2C5-49DD-A061-0557F7412020}.Release|Any CPU.Build.0 = Release|Any CPU
		{6A69F1DB-3265-4EA6-9AB8-379CD0EEFCCC}.Debug|Any CPU.ActiveCfg = Debug|Any CPU
		{6A69F1DB-3265-4EA6-9AB8-379CD0EEFCCC}.Debug|Any CPU.Build.0 = Debug|Any CPU
		{6A69F1DB-3265-4EA6-9AB8-379CD0EEFCCC}.Release|Any CPU.ActiveCfg = Release|Any CPU
		{6A69F1DB-3265-4EA6-9AB8-379CD0EEFCCC}.Release|Any CPU.Build.0 = Release|Any CPU
		{6176493B-77C8-467B-95E8-48644D7A1FD3}.Debug|Any CPU.ActiveCfg = Debug|Any CPU
		{6176493B-77C8-467B-95E8-48644D7A1FD3}.Debug|Any CPU.Build.0 = Debug|Any CPU
		{6176493B-77C8-467B-95E8-48644D7A1FD3}.Release|Any CPU.ActiveCfg = Release|Any CPU
		{6176493B-77C8-467B-95E8-48644D7A1FD3}.Release|Any CPU.Build.0 = Release|Any CPU
	EndGlobalSection
	GlobalSection(SolutionProperties) = preSolution
		HideSolutionNode = FALSE
	EndGlobalSection
EndGlobal
