
Microsoft Visual Studio Solution File, Format Version 10.00
# Visual Studio 2008
Project("{2150E333-8FDC-42A3-9474-1A3956D46DE8}") = "Unit Tests", "Unit Tests", "{A6173083-D2A5-4D0B-A660-8DF88B4A7006}"
EndProject
Project("{2150E333-8FDC-42A3-9474-1A3956D46DE8}") = "Libraries", "Libraries", "{0084AFFE-A4BD-4773-821B-BB5E689A2C0A}"
EndProject
Project("{2150E333-8FDC-42A3-9474-1A3956D46DE8}") = "Functional Tests", "Functional Tests", "{4C34DF85-30B9-4E9D-92FA-A8F78E58DFFD}"
EndProject
Project("{2150E333-8FDC-42A3-9474-1A3956D46DE8}") = "Tests", "Tests", "{3DD13A45-8A0D-4050-BF41-10F59B518113}"
EndProject
Project("{2150E333-8FDC-42A3-9474-1A3956D46DE8}") = "Model Project", "Model Project", "{6A808282-D86E-4F46-9B3E-1FD5809296E9}"
EndProject
Project("{2150E333-8FDC-42A3-9474-1A3956D46DE8}") = "Libraries", "Libraries", "{679B59DB-1F34-4343-BEAC-66CB732AE360}"
EndProject
Project("{2150E333-8FDC-42A3-9474-1A3956D46DE8}") = "Guidance Package", "Guidance Package", "{B4BEC5E6-3F42-456F-8D36-8E7D9E181A1C}"
EndProject
Project("{2150E333-8FDC-42A3-9474-1A3956D46DE8}") = "Extenders", "Extenders", "{05A4194C-7A38-40B4-8307-EE6607DF7517}"
EndProject
Project("{2150E333-8FDC-42A3-9474-1A3956D46DE8}") = "Host Designer", "Host Designer", "{D1236A8D-71FB-4379-8705-58EBB2B7BB6B}"
EndProject
Project("{2150E333-8FDC-42A3-9474-1A3956D46DE8}") = "Service Contract", "Service Contract", "{7D7C2E66-6B56-4A80-9932-D719B0F3E28B}"
EndProject
Project("{2150E333-8FDC-42A3-9474-1A3956D46DE8}") = "Data Contract", "Data Contract", "{C08CC1EA-077F-45E2-8A5B-86C9AC8921AC}"
EndProject
Project("{2150E333-8FDC-42A3-9474-1A3956D46DE8}") = "DSLs", "DSLs", "{3BBF4FC9-E19E-4F4D-BBBA-FBB3696496D7}"
EndProject
Project("{2150E333-8FDC-42A3-9474-1A3956D46DE8}") = "Code Analysis", "Code Analysis", "{65BE9FEB-3310-4763-971B-0949197E3887}"
EndProject
Project("{FAE04EC0-301F-11D3-BF4B-00C04F79EFBC}") = "Service Factory Guidance Package.csproj", ".\Service Factory Guidance Package\Guidance Package\Service Factory Guidance Package.csproj", "{C84323DD-A7C8-4801-B6B4-462F6B7C7AF2}"
	ProjectSection(ProjectDependencies) = postProject
		{08D72E7D-0C20-402D-9A4A-EE4C8838D0C2} = {08D72E7D-0C20-402D-9A4A-EE4C8838D0C2}
		{CDCFFE54-0B4F-40BA-B124-453A2CB7129A} = {CDCFFE54-0B4F-40BA-B124-453A2CB7129A}
		{174D5D10-BB95-483D-B3E1-29A4AFE5669E} = {174D5D10-BB95-483D-B3E1-29A4AFE5669E}
		{3E9005DB-5EA1-4BEC-BEC2-3E0324395C73} = {3E9005DB-5EA1-4BEC-BEC2-3E0324395C73}
		{8404D99F-9A3E-467F-A4D0-5F5D5C15A075} = {8404D99F-9A3E-467F-A4D0-5F5D5C15A075}
		{755D4D6E-C0D4-4E99-B37F-A02F5D8BBCDB} = {755D4D6E-C0D4-4E99-B37F-A02F5D8BBCDB}
		{E31971C3-A635-43E8-BCA5-F2F5BAD0052B} = {E31971C3-A635-43E8-BCA5-F2F5BAD0052B}
		{80DE8B2F-9CAD-490C-98B1-FC3564BF8D33} = {80DE8B2F-9CAD-490C-98B1-FC3564BF8D33}
		{2734A231-3B33-4F05-A122-9B35565AC7E9} = {2734A231-3B33-4F05-A122-9B35565AC7E9}
		{0CC719CB-8863-4810-BBB2-4F94D513A0FF} = {0CC719CB-8863-4810-BBB2-4F94D513A0FF}
	EndProjectSection
EndProject
Project("{FAE04EC0-301F-11D3-BF4B-00C04F79EFBC}") = "Microsoft.Practices.FxCop.Rules.WcfSemantic.csproj", ".\WCF Semantic CodeAnalysis\Source\Microsoft.Practices.FxCop.Rules.WcfSemantic.csproj", "{08D72E7D-0C20-402D-9A4A-EE4C8838D0C2}"
EndProject
Project("{FAE04EC0-301F-11D3-BF4B-00C04F79EFBC}") = "DataContractDsl.csproj", ".\Data Contract DSL\Dsl\DataContractDsl.csproj", "{E31971C3-A635-43E8-BCA5-F2F5BAD0052B}"
	ProjectSection(ProjectDependencies) = postProject
		{8404D99F-9A3E-467F-A4D0-5F5D5C15A075} = {8404D99F-9A3E-467F-A4D0-5F5D5C15A075}
		{3710B9E7-BCA9-4BBC-9F3F-86C82BBE6E9B} = {3710B9E7-BCA9-4BBC-9F3F-86C82BBE6E9B}
		{755D4D6E-C0D4-4E99-B37F-A02F5D8BBCDB} = {755D4D6E-C0D4-4E99-B37F-A02F5D8BBCDB}
		{2734A231-3B33-4F05-A122-9B35565AC7E9} = {2734A231-3B33-4F05-A122-9B35565AC7E9}
		{0CC719CB-8863-4810-BBB2-4F94D513A0FF} = {0CC719CB-8863-4810-BBB2-4F94D513A0FF}
	EndProjectSection
EndProject
Project("{FAE04EC0-301F-11D3-BF4B-00C04F79EFBC}") = "DataContractDslPackage.csproj", ".\Data Contract DSL\DslPackage\DataContractDslPackage.csproj", "{BBF4C3BA-B22F-42CD-BE9F-5066920077DB}"
	ProjectSection(ProjectDependencies) = postProject
		{E31971C3-A635-43E8-BCA5-F2F5BAD0052B} = {E31971C3-A635-43E8-BCA5-F2F5BAD0052B}
		{3E9005DB-5EA1-4BEC-BEC2-3E0324395C73} = {3E9005DB-5EA1-4BEC-BEC2-3E0324395C73}
		{8404D99F-9A3E-467F-A4D0-5F5D5C15A075} = {8404D99F-9A3E-467F-A4D0-5F5D5C15A075}
		{755D4D6E-C0D4-4E99-B37F-A02F5D8BBCDB} = {755D4D6E-C0D4-4E99-B37F-A02F5D8BBCDB}
		{2734A231-3B33-4F05-A122-9B35565AC7E9} = {2734A231-3B33-4F05-A122-9B35565AC7E9}
		{0CC719CB-8863-4810-BBB2-4F94D513A0FF} = {0CC719CB-8863-4810-BBB2-4F94D513A0FF}
	EndProjectSection
EndProject
Project("{FAE04EC0-301F-11D3-BF4B-00C04F79EFBC}") = "ServiceContractDsl.csproj", ".\Service Contract DSL\Dsl\ServiceContractDsl.csproj", "{3E9005DB-5EA1-4BEC-BEC2-3E0324395C73}"
	ProjectSection(ProjectDependencies) = postProject
		{8404D99F-9A3E-467F-A4D0-5F5D5C15A075} = {8404D99F-9A3E-467F-A4D0-5F5D5C15A075}
		{3710B9E7-BCA9-4BBC-9F3F-86C82BBE6E9B} = {3710B9E7-BCA9-4BBC-9F3F-86C82BBE6E9B}
		{755D4D6E-C0D4-4E99-B37F-A02F5D8BBCDB} = {755D4D6E-C0D4-4E99-B37F-A02F5D8BBCDB}
		{2734A231-3B33-4F05-A122-9B35565AC7E9} = {2734A231-3B33-4F05-A122-9B35565AC7E9}
		{0CC719CB-8863-4810-BBB2-4F94D513A0FF} = {0CC719CB-8863-4810-BBB2-4F94D513A0FF}
	EndProjectSection
EndProject
Project("{FAE04EC0-301F-11D3-BF4B-00C04F79EFBC}") = "ServiceContractDslPackage.csproj", ".\Service Contract DSL\DslPackage\ServiceContractDslPackage.csproj", "{984972D8-ECF6-493D-82F5-6128945CB155}"
	ProjectSection(ProjectDependencies) = postProject
		{3E9005DB-5EA1-4BEC-BEC2-3E0324395C73} = {3E9005DB-5EA1-4BEC-BEC2-3E0324395C73}
		{8404D99F-9A3E-467F-A4D0-5F5D5C15A075} = {8404D99F-9A3E-467F-A4D0-5F5D5C15A075}
		{755D4D6E-C0D4-4E99-B37F-A02F5D8BBCDB} = {755D4D6E-C0D4-4E99-B37F-A02F5D8BBCDB}
		{2734A231-3B33-4F05-A122-9B35565AC7E9} = {2734A231-3B33-4F05-A122-9B35565AC7E9}
		{0CC719CB-8863-4810-BBB2-4F94D513A0FF} = {0CC719CB-8863-4810-BBB2-4F94D513A0FF}
	EndProjectSection
EndProject
Project("{FAE04EC0-301F-11D3-BF4B-00C04F79EFBC}") = "HostDesignerDsl.csproj", ".\Host Designer DSL\Dsl\HostDesignerDsl.csproj", "{C235B0F0-B751-4673-9707-2BC114250EA2}"
	ProjectSection(ProjectDependencies) = postProject
		{8404D99F-9A3E-467F-A4D0-5F5D5C15A075} = {8404D99F-9A3E-467F-A4D0-5F5D5C15A075}
		{755D4D6E-C0D4-4E99-B37F-A02F5D8BBCDB} = {755D4D6E-C0D4-4E99-B37F-A02F5D8BBCDB}
		{2734A231-3B33-4F05-A122-9B35565AC7E9} = {2734A231-3B33-4F05-A122-9B35565AC7E9}
	EndProjectSection
EndProject
Project("{FAE04EC0-301F-11D3-BF4B-00C04F79EFBC}") = "HostDesignerDslPackage.csproj", ".\Host Designer DSL\DslPackage\HostDesignerDslPackage.csproj", "{44A0EC7A-DBBB-475F-B7FD-8CACD1334467}"
	ProjectSection(ProjectDependencies) = postProject
		{C235B0F0-B751-4673-9707-2BC114250EA2} = {C235B0F0-B751-4673-9707-2BC114250EA2}
	EndProjectSection
EndProject
Project("{FAE04EC0-301F-11D3-BF4B-00C04F79EFBC}") = "Microsoft.Practices.ServiceFactory.Extenders.DataContract.Asmx.csproj", ".\Extenders\ServiceFactory.Extenders.DataContract.Asmx\Source\Microsoft.Practices.ServiceFactory.Extenders.DataContract.Asmx.csproj", "{FCC9B65E-162A-4701-9419-15E275403BD5}"
	ProjectSection(ProjectDependencies) = postProject
		{3710B9E7-BCA9-4BBC-9F3F-86C82BBE6E9B} = {3710B9E7-BCA9-4BBC-9F3F-86C82BBE6E9B}
		{755D4D6E-C0D4-4E99-B37F-A02F5D8BBCDB} = {755D4D6E-C0D4-4E99-B37F-A02F5D8BBCDB}
		{2734A231-3B33-4F05-A122-9B35565AC7E9} = {2734A231-3B33-4F05-A122-9B35565AC7E9}
		{0CC719CB-8863-4810-BBB2-4F94D513A0FF} = {0CC719CB-8863-4810-BBB2-4F94D513A0FF}
		{E31971C3-A635-43E8-BCA5-F2F5BAD0052B} = {E31971C3-A635-43E8-BCA5-F2F5BAD0052B}
	EndProjectSection
EndProject
Project("{FAE04EC0-301F-11D3-BF4B-00C04F79EFBC}") = "Microsoft.Practices.ServiceFactory.Extenders.DataContract.Wcf.csproj", ".\Extenders\ServiceFactory.Extenders.DataContract.Wcf\Source\Microsoft.Practices.ServiceFactory.Extenders.DataContract.Wcf.csproj", "{AECE0DDD-7CC6-406B-B91C-7A308EC9E33F}"
	ProjectSection(ProjectDependencies) = postProject
		{3710B9E7-BCA9-4BBC-9F3F-86C82BBE6E9B} = {3710B9E7-BCA9-4BBC-9F3F-86C82BBE6E9B}
		{755D4D6E-C0D4-4E99-B37F-A02F5D8BBCDB} = {755D4D6E-C0D4-4E99-B37F-A02F5D8BBCDB}
		{2734A231-3B33-4F05-A122-9B35565AC7E9} = {2734A231-3B33-4F05-A122-9B35565AC7E9}
		{0CC719CB-8863-4810-BBB2-4F94D513A0FF} = {0CC719CB-8863-4810-BBB2-4F94D513A0FF}
		{E31971C3-A635-43E8-BCA5-F2F5BAD0052B} = {E31971C3-A635-43E8-BCA5-F2F5BAD0052B}
	EndProjectSection
EndProject
Project("{FAE04EC0-301F-11D3-BF4B-00C04F79EFBC}") = "Microsoft.Practices.ServiceFactory.Extenders.ServiceContract.Asmx.csproj", ".\Extenders\ServiceFactory.Extenders.ServiceContract.Asmx\Source\Microsoft.Practices.ServiceFactory.Extenders.ServiceContract.Asmx.csproj", "{FF3DFDF5-0F3C-4CA1-8FE4-18A136EE17C5}"
	ProjectSection(ProjectDependencies) = postProject
		{2734A231-3B33-4F05-A122-9B35565AC7E9} = {2734A231-3B33-4F05-A122-9B35565AC7E9}
		{3E9005DB-5EA1-4BEC-BEC2-3E0324395C73} = {3E9005DB-5EA1-4BEC-BEC2-3E0324395C73}
		{755D4D6E-C0D4-4E99-B37F-A02F5D8BBCDB} = {755D4D6E-C0D4-4E99-B37F-A02F5D8BBCDB}
		{0CC719CB-8863-4810-BBB2-4F94D513A0FF} = {0CC719CB-8863-4810-BBB2-4F94D513A0FF}
	EndProjectSection
EndProject
Project("{FAE04EC0-301F-11D3-BF4B-00C04F79EFBC}") = "Microsoft.Practices.ServiceFactory.Extenders.ServiceContract.Wcf.csproj", ".\Extenders\ServiceFactory.Extenders.ServiceContract.Wcf\Source\Microsoft.Practices.ServiceFactory.Extenders.ServiceContract.Wcf.csproj", "{823CDF62-A297-4BC4-8832-75BD761D0763}"
	ProjectSection(ProjectDependencies) = postProject
		{2734A231-3B33-4F05-A122-9B35565AC7E9} = {2734A231-3B33-4F05-A122-9B35565AC7E9}
		{3E9005DB-5EA1-4BEC-BEC2-3E0324395C73} = {3E9005DB-5EA1-4BEC-BEC2-3E0324395C73}
		{755D4D6E-C0D4-4E99-B37F-A02F5D8BBCDB} = {755D4D6E-C0D4-4E99-B37F-A02F5D8BBCDB}
		{0CC719CB-8863-4810-BBB2-4F94D513A0FF} = {0CC719CB-8863-4810-BBB2-4F94D513A0FF}
	EndProjectSection
EndProject
Project("{FAE04EC0-301F-11D3-BF4B-00C04F79EFBC}") = "Microsoft.Practices.ServiceFactory.Extenders.HostDesigner.Asmx.csproj", ".\Extenders\ServiceFactory.Extenders.HostDesigner.Asmx\Source\Microsoft.Practices.ServiceFactory.Extenders.HostDesigner.Asmx.csproj", "{860DFF5F-4560-4B08-8498-B456A8E19C6A}"
	ProjectSection(ProjectDependencies) = postProject
		{3710B9E7-BCA9-4BBC-9F3F-86C82BBE6E9B} = {3710B9E7-BCA9-4BBC-9F3F-86C82BBE6E9B}
		{755D4D6E-C0D4-4E99-B37F-A02F5D8BBCDB} = {755D4D6E-C0D4-4E99-B37F-A02F5D8BBCDB}
		{2734A231-3B33-4F05-A122-9B35565AC7E9} = {2734A231-3B33-4F05-A122-9B35565AC7E9}
		{0CC719CB-8863-4810-BBB2-4F94D513A0FF} = {0CC719CB-8863-4810-BBB2-4F94D513A0FF}
		{C235B0F0-B751-4673-9707-2BC114250EA2} = {C235B0F0-B751-4673-9707-2BC114250EA2}
	EndProjectSection
EndProject
Project("{FAE04EC0-301F-11D3-BF4B-00C04F79EFBC}") = "Microsoft.Practices.ServiceFactory.Extenders.HostDesigner.Wcf.csproj", ".\Extenders\ServiceFactory.Extenders.HostDesigner.Wcf\Source\Microsoft.Practices.ServiceFactory.Extenders.HostDesigner.Wcf.csproj", "{458BAF5A-9A01-4038-A7CE-222F885FDCE1}"
	ProjectSection(ProjectDependencies) = postProject
		{3710B9E7-BCA9-4BBC-9F3F-86C82BBE6E9B} = {3710B9E7-BCA9-4BBC-9F3F-86C82BBE6E9B}
		{755D4D6E-C0D4-4E99-B37F-A02F5D8BBCDB} = {755D4D6E-C0D4-4E99-B37F-A02F5D8BBCDB}
		{2734A231-3B33-4F05-A122-9B35565AC7E9} = {2734A231-3B33-4F05-A122-9B35565AC7E9}
		{0CC719CB-8863-4810-BBB2-4F94D513A0FF} = {0CC719CB-8863-4810-BBB2-4F94D513A0FF}
		{C235B0F0-B751-4673-9707-2BC114250EA2} = {C235B0F0-B751-4673-9707-2BC114250EA2}
	EndProjectSection
EndProject
Project("{FAE04EC0-301F-11D3-BF4B-00C04F79EFBC}") = "Service Factory Guidance Package Installer.csproj", ".\Service Factory Guidance Package\Installer\Service factory Guidance Package Installer.csproj", "{174D5D10-BB95-483D-B3E1-29A4AFE5669E}"
EndProject
Project("{FAE04EC0-301F-11D3-BF4B-00C04F79EFBC}") = "Service Factory Guidance Package Setup.csproj", ".\Service Factory Guidance Package\Setup\Service Factory Guidance Package Setup.csproj", "{9A3D9A17-E50B-4226-B09C-E30B74996898}"
	ProjectSection(ProjectDependencies) = postProject
		{9D8D923B-AE82-4B93-981D-87C0779E0019} = {9D8D923B-AE82-4B93-981D-87C0779E0019}
		{FD741C67-E91B-4A3E-B8CD-617109DDCF48} = {FD741C67-E91B-4A3E-B8CD-617109DDCF48}
		{19CA4A65-D683-4F07-9D9A-685EFDFF4C6C} = {19CA4A65-D683-4F07-9D9A-685EFDFF4C6C}
		{A53BC9C6-4FAE-4473-B168-5321A7415D14} = {A53BC9C6-4FAE-4473-B168-5321A7415D14}
		{4C7216A4-D9E4-47B1-B7D2-FD4E745318E5} = {4C7216A4-D9E4-47B1-B7D2-FD4E745318E5}
		{E2C93364-2C3D-41E5-B458-58EFA5969B7C} = {E2C93364-2C3D-41E5-B458-58EFA5969B7C}
		{6CA696CC-C08E-4271-A69C-06D3AB4D5A0B} = {6CA696CC-C08E-4271-A69C-06D3AB4D5A0B}
		{30F31594-34AD-48DF-8C7E-7B3A71A2CF10} = {30F31594-34AD-48DF-8C7E-7B3A71A2CF10}
		{81E84586-DD5E-4A33-A1AC-88EAEC33FDAB} = {81E84586-DD5E-4A33-A1AC-88EAEC33FDAB}
		{40D6F8CC-BD94-4FD2-8F8E-8C9936A5F466} = {40D6F8CC-BD94-4FD2-8F8E-8C9936A5F466}
		{C7ABEA16-395F-4E8D-9C97-90467EE16260} = {C7ABEA16-395F-4E8D-9C97-90467EE16260}
		{FAA1C3F6-B458-4981-BA25-97ACF50B65F7} = {FAA1C3F6-B458-4981-BA25-97ACF50B65F7}
		{9A64FB7C-4490-4D04-9C6E-71274BDF1849} = {9A64FB7C-4490-4D04-9C6E-71274BDF1849}
		{140B9594-399D-4C4E-94B1-B07C6AC3DA9D} = {140B9594-399D-4C4E-94B1-B07C6AC3DA9D}
		{80028C30-9CEE-4E28-9A42-99F5026EF6CD} = {80028C30-9CEE-4E28-9A42-99F5026EF6CD}
		{E0388C12-DC46-45E2-B4D4-6B82A822BEA0} = {E0388C12-DC46-45E2-B4D4-6B82A822BEA0}
		{BAA01055-66AE-4603-B02D-81A23C0D55B9} = {BAA01055-66AE-4603-B02D-81A23C0D55B9}
		{CDCFFE54-0B4F-40BA-B124-453A2CB7129A} = {CDCFFE54-0B4F-40BA-B124-453A2CB7129A}
		{8404D99F-9A3E-467F-A4D0-5F5D5C15A075} = {8404D99F-9A3E-467F-A4D0-5F5D5C15A075}
		{CAFE2F77-E851-429D-9651-9C9389C81200} = {CAFE2F77-E851-429D-9651-9C9389C81200}
		{3710B9E7-BCA9-4BBC-9F3F-86C82BBE6E9B} = {3710B9E7-BCA9-4BBC-9F3F-86C82BBE6E9B}
		{755D4D6E-C0D4-4E99-B37F-A02F5D8BBCDB} = {755D4D6E-C0D4-4E99-B37F-A02F5D8BBCDB}
		{80DE8B2F-9CAD-490C-98B1-FC3564BF8D33} = {80DE8B2F-9CAD-490C-98B1-FC3564BF8D33}
		{2734A231-3B33-4F05-A122-9B35565AC7E9} = {2734A231-3B33-4F05-A122-9B35565AC7E9}
		{1A2A690E-5FF2-4C6F-880B-247157DC10FD} = {1A2A690E-5FF2-4C6F-880B-247157DC10FD}
		{0CC719CB-8863-4810-BBB2-4F94D513A0FF} = {0CC719CB-8863-4810-BBB2-4F94D513A0FF}
		{174D5D10-BB95-483D-B3E1-29A4AFE5669E} = {174D5D10-BB95-483D-B3E1-29A4AFE5669E}
		{C84323DD-A7C8-4801-B6B4-462F6B7C7AF2} = {C84323DD-A7C8-4801-B6B4-462F6B7C7AF2}
		{458BAF5A-9A01-4038-A7CE-222F885FDCE1} = {458BAF5A-9A01-4038-A7CE-222F885FDCE1}
		{860DFF5F-4560-4B08-8498-B456A8E19C6A} = {860DFF5F-4560-4B08-8498-B456A8E19C6A}
		{823CDF62-A297-4BC4-8832-75BD761D0763} = {823CDF62-A297-4BC4-8832-75BD761D0763}
		{FF3DFDF5-0F3C-4CA1-8FE4-18A136EE17C5} = {FF3DFDF5-0F3C-4CA1-8FE4-18A136EE17C5}
		{AECE0DDD-7CC6-406B-B91C-7A308EC9E33F} = {AECE0DDD-7CC6-406B-B91C-7A308EC9E33F}
		{FCC9B65E-162A-4701-9419-15E275403BD5} = {FCC9B65E-162A-4701-9419-15E275403BD5}
		{44A0EC7A-DBBB-475F-B7FD-8CACD1334467} = {44A0EC7A-DBBB-475F-B7FD-8CACD1334467}
		{C235B0F0-B751-4673-9707-2BC114250EA2} = {C235B0F0-B751-4673-9707-2BC114250EA2}
		{984972D8-ECF6-493D-82F5-6128945CB155} = {984972D8-ECF6-493D-82F5-6128945CB155}
		{3E9005DB-5EA1-4BEC-BEC2-3E0324395C73} = {3E9005DB-5EA1-4BEC-BEC2-3E0324395C73}
		{BBF4C3BA-B22F-42CD-BE9F-5066920077DB} = {BBF4C3BA-B22F-42CD-BE9F-5066920077DB}
		{E31971C3-A635-43E8-BCA5-F2F5BAD0052B} = {E31971C3-A635-43E8-BCA5-F2F5BAD0052B}
		{08D72E7D-0C20-402D-9A4A-EE4C8838D0C2} = {08D72E7D-0C20-402D-9A4A-EE4C8838D0C2}
	EndProjectSection
EndProject
Project("{FAE04EC0-301F-11D3-BF4B-00C04F79EFBC}") = "Microsoft.Practices.Modeling.CodeGeneration.csproj", ".\Modeling.CodeGeneration\Source\Microsoft.Practices.Modeling.CodeGeneration.csproj", "{0CC719CB-8863-4810-BBB2-4F94D513A0FF}"
EndProject
Project("{FAE04EC0-301F-11D3-BF4B-00C04F79EFBC}") = "Microsoft.Practices.Modeling.CodeGeneration.Strategies.csproj", ".\Modeling.CodeGeneration.Strategies\Source\Microsoft.Practices.Modeling.CodeGeneration.Strategies.csproj", "{1A2A690E-5FF2-4C6F-880B-247157DC10FD}"
	ProjectSection(ProjectDependencies) = postProject
		{CDCFFE54-0B4F-40BA-B124-453A2CB7129A} = {CDCFFE54-0B4F-40BA-B124-453A2CB7129A}
		{8404D99F-9A3E-467F-A4D0-5F5D5C15A075} = {8404D99F-9A3E-467F-A4D0-5F5D5C15A075}
		{80DE8B2F-9CAD-490C-98B1-FC3564BF8D33} = {80DE8B2F-9CAD-490C-98B1-FC3564BF8D33}
		{2734A231-3B33-4F05-A122-9B35565AC7E9} = {2734A231-3B33-4F05-A122-9B35565AC7E9}
		{0CC719CB-8863-4810-BBB2-4F94D513A0FF} = {0CC719CB-8863-4810-BBB2-4F94D513A0FF}
	EndProjectSection
EndProject
Project("{FAE04EC0-301F-11D3-BF4B-00C04F79EFBC}") = "Microsoft.Practices.Modeling.Common.csproj", ".\Modeling.Common\Source\Microsoft.Practices.Modeling.Common.csproj", "{2734A231-3B33-4F05-A122-9B35565AC7E9}"
EndProject
Project("{FAE04EC0-301F-11D3-BF4B-00C04F79EFBC}") = "Microsoft.Practices.Modeling.Dsl.Integration.csproj", ".\Modeling.Dsl.Integration\Microsoft.Practices.Modeling.Dsl.Integration.csproj", "{80DE8B2F-9CAD-490C-98B1-FC3564BF8D33}"
EndProject
Project("{FAE04EC0-301F-11D3-BF4B-00C04F79EFBC}") = "Microsoft.Practices.Modeling.ExtensionProvider.csproj", ".\Modeling.ExtensionProvider\Source\Microsoft.Practices.Modeling.ExtensionProvider.csproj", "{755D4D6E-C0D4-4E99-B37F-A02F5D8BBCDB}"
EndProject
Project("{FAE04EC0-301F-11D3-BF4B-00C04F79EFBC}") = "Microsoft.Practices.ServiceFactory.RecipeFramework.Extensions.csproj", ".\ServiceFactory.RecipeFramework.Extensions\Source\Microsoft.Practices.ServiceFactory.RecipeFramework.Extensions.csproj", "{3710B9E7-BCA9-4BBC-9F3F-86C82BBE6E9B}"
EndProject
Project("{FAE04EC0-301F-11D3-BF4B-00C04F79EFBC}") = "Microsoft.Practices.ServiceFactory.Validation.csproj", ".\ServiceFactory.Validation\Source\Microsoft.Practices.ServiceFactory.Validation.csproj", "{CAFE2F77-E851-429D-9651-9C9389C81200}"
	ProjectSection(ProjectDependencies) = postProject
		{3E9005DB-5EA1-4BEC-BEC2-3E0324395C73} = {3E9005DB-5EA1-4BEC-BEC2-3E0324395C73}
		{2734A231-3B33-4F05-A122-9B35565AC7E9} = {2734A231-3B33-4F05-A122-9B35565AC7E9}
		{0CC719CB-8863-4810-BBB2-4F94D513A0FF} = {0CC719CB-8863-4810-BBB2-4F94D513A0FF}
	EndProjectSection
EndProject
Project("{FAE04EC0-301F-11D3-BF4B-00C04F79EFBC}") = "Microsoft.Practices.VisualStudio.Helper.csproj", ".\VisualStudio.Helper\Source\Microsoft.Practices.VisualStudio.Helper.csproj", "{8404D99F-9A3E-467F-A4D0-5F5D5C15A075}"
EndProject
Project("{FAE04EC0-301F-11D3-BF4B-00C04F79EFBC}") = "Microsoft.Practices.ServiceFactory.Description.csproj", ".\ServiceFactory.Description\Source\Microsoft.Practices.ServiceFactory.Description.csproj", "{CDCFFE54-0B4F-40BA-B124-453A2CB7129A}"
EndProject
Project("{FAE04EC0-301F-11D3-BF4B-00C04F79EFBC}") = "BuildTasks.csproj", ".\Product Definition\BuildTasks\BuildTasks.csproj", "{BAA01055-66AE-4603-B02D-81A23C0D55B9}"
EndProject
Project("{FAE04EC0-301F-11D3-BF4B-00C04F79EFBC}") = "ModelProject.csproj", ".\Product Definition\VsPackage\ModelProject.csproj", "{E0388C12-DC46-45E2-B4D4-6B82A822BEA0}"
EndProject
Project("{FAE04EC0-301F-11D3-BF4B-00C04F79EFBC}") = "DataContractDsl.Functional.Tests", ".\Data Contract DSL\Functional Tests\DataContractDsl.Functional.Tests\DataContractDsl.Functional.Tests.csproj", "{80028C30-9CEE-4E28-9A42-99F5026EF6CD}"
EndProject
Project("{FAE04EC0-301F-11D3-BF4B-00C04F79EFBC}") = "HostDesignerDsl.Functional.Tests.csproj", ".\Host Designer DSL\Functional Tests\HostDesignerDsl.Functional.Tests.csproj", "{140B9594-399D-4C4E-94B1-B07C6AC3DA9D}"
EndProject
Project("{FAE04EC0-301F-11D3-BF4B-00C04F79EFBC}") = "Microsoft.Practices.UnitTestLibrary.csproj", ".\UnitTestLibrary\Source\Microsoft.Practices.UnitTestLibrary.csproj", "{9A64FB7C-4490-4D04-9C6E-71274BDF1849}"
EndProject
Project("{FAE04EC0-301F-11D3-BF4B-00C04F79EFBC}") = "RecipeFramework.Extensions.Tests.csproj", ".\ServiceFactory.RecipeFramework.Extensions\Unit Tests\RecipeFramework.Extensions.Tests.csproj", "{FAA1C3F6-B458-4981-BA25-97ACF50B65F7}"
	ProjectSection(ProjectDependencies) = postProject
		{3710B9E7-BCA9-4BBC-9F3F-86C82BBE6E9B} = {3710B9E7-BCA9-4BBC-9F3F-86C82BBE6E9B}
	EndProjectSection
EndProject
Project("{FAE04EC0-301F-11D3-BF4B-00C04F79EFBC}") = "Microsoft.Practices.Modeling.ExtensionProvider.Tests.csproj", ".\Modeling.ExtensionProvider\Unit Tests\Microsoft.Practices.Modeling.ExtensionProvider.Tests.csproj", "{C7ABEA16-395F-4E8D-9C97-90467EE16260}"
	ProjectSection(ProjectDependencies) = postProject
		{755D4D6E-C0D4-4E99-B37F-A02F5D8BBCDB} = {755D4D6E-C0D4-4E99-B37F-A02F5D8BBCDB}
	EndProjectSection
EndProject
Project("{FAE04EC0-301F-11D3-BF4B-00C04F79EFBC}") = "Microsoft.Practices.Modeling.CodeGeneration.Tests.csproj", ".\Modeling.CodeGeneration\Unit Tests\Microsoft.Practices.Modeling.CodeGeneration.Tests.csproj", "{40D6F8CC-BD94-4FD2-8F8E-8C9936A5F466}"
	ProjectSection(ProjectDependencies) = postProject
		{0CC719CB-8863-4810-BBB2-4F94D513A0FF} = {0CC719CB-8863-4810-BBB2-4F94D513A0FF}
		{9A64FB7C-4490-4D04-9C6E-71274BDF1849} = {9A64FB7C-4490-4D04-9C6E-71274BDF1849}
		{2734A231-3B33-4F05-A122-9B35565AC7E9} = {2734A231-3B33-4F05-A122-9B35565AC7E9}
	EndProjectSection
EndProject
Project("{FAE04EC0-301F-11D3-BF4B-00C04F79EFBC}") = "Microsoft.Practices.Modeling.CodeGeneration.Strategies.Tests.csproj", ".\Modeling.CodeGeneration.Strategies\Unit Tests\Microsoft.Practices.Modeling.CodeGeneration.Strategies.Tests.csproj", "{81E84586-DD5E-4A33-A1AC-88EAEC33FDAB}"
	ProjectSection(ProjectDependencies) = postProject
		{CDCFFE54-0B4F-40BA-B124-453A2CB7129A} = {CDCFFE54-0B4F-40BA-B124-453A2CB7129A}
		{1A2A690E-5FF2-4C6F-880B-247157DC10FD} = {1A2A690E-5FF2-4C6F-880B-247157DC10FD}
		{8404D99F-9A3E-467F-A4D0-5F5D5C15A075} = {8404D99F-9A3E-467F-A4D0-5F5D5C15A075}
		{9A64FB7C-4490-4D04-9C6E-71274BDF1849} = {9A64FB7C-4490-4D04-9C6E-71274BDF1849}
		{755D4D6E-C0D4-4E99-B37F-A02F5D8BBCDB} = {755D4D6E-C0D4-4E99-B37F-A02F5D8BBCDB}
		{2734A231-3B33-4F05-A122-9B35565AC7E9} = {2734A231-3B33-4F05-A122-9B35565AC7E9}
		{0CC719CB-8863-4810-BBB2-4F94D513A0FF} = {0CC719CB-8863-4810-BBB2-4F94D513A0FF}
	EndProjectSection
EndProject
Project("{FAE04EC0-301F-11D3-BF4B-00C04F79EFBC}") = "Microsoft.Practices.VisualStudio.Helper.Tests.csproj", ".\VisualStudio.Helper\Unit Tests\Microsoft.Practices.VisualStudio.Helper.Tests.csproj", "{30F31594-34AD-48DF-8C7E-7B3A71A2CF10}"
	ProjectSection(ProjectDependencies) = postProject
		{8404D99F-9A3E-467F-A4D0-5F5D5C15A075} = {8404D99F-9A3E-467F-A4D0-5F5D5C15A075}
	EndProjectSection
EndProject
Project("{FAE04EC0-301F-11D3-BF4B-00C04F79EFBC}") = "ServicesGuidancePackage.Tests.csproj", ".\Service Factory Guidance Package\Unit Tests\GuidancePackage.Tests.csproj", "{6CA696CC-C08E-4271-A69C-06D3AB4D5A0B}"
	ProjectSection(ProjectDependencies) = postProject
		{C84323DD-A7C8-4801-B6B4-462F6B7C7AF2} = {C84323DD-A7C8-4801-B6B4-462F6B7C7AF2}
		{3E9005DB-5EA1-4BEC-BEC2-3E0324395C73} = {3E9005DB-5EA1-4BEC-BEC2-3E0324395C73}
		{9A64FB7C-4490-4D04-9C6E-71274BDF1849} = {9A64FB7C-4490-4D04-9C6E-71274BDF1849}
		{E31971C3-A635-43E8-BCA5-F2F5BAD0052B} = {E31971C3-A635-43E8-BCA5-F2F5BAD0052B}
		{80DE8B2F-9CAD-490C-98B1-FC3564BF8D33} = {80DE8B2F-9CAD-490C-98B1-FC3564BF8D33}
		{2734A231-3B33-4F05-A122-9B35565AC7E9} = {2734A231-3B33-4F05-A122-9B35565AC7E9}
	EndProjectSection
EndProject
Project("{FAE04EC0-301F-11D3-BF4B-00C04F79EFBC}") = "Microsoft.Practices.ServiceFactory.Validation.Tests.csproj", ".\ServiceFactory.Validation\Unit Tests\Microsoft.Practices.ServiceFactory.Validation.Tests.csproj", "{E2C93364-2C3D-41E5-B458-58EFA5969B7C}"
	ProjectSection(ProjectDependencies) = postProject
		{CAFE2F77-E851-429D-9651-9C9389C81200} = {CAFE2F77-E851-429D-9651-9C9389C81200}
	EndProjectSection
EndProject
Project("{FAE04EC0-301F-11D3-BF4B-00C04F79EFBC}") = "ServiceContractDsl.Tests.csproj", ".\Service Contract DSL\Unit Tests\ServiceContractDsl.Tests.csproj", "{4C7216A4-D9E4-47B1-B7D2-FD4E745318E5}"
	ProjectSection(ProjectDependencies) = postProject
		{755D4D6E-C0D4-4E99-B37F-A02F5D8BBCDB} = {755D4D6E-C0D4-4E99-B37F-A02F5D8BBCDB}
		{0CC719CB-8863-4810-BBB2-4F94D513A0FF} = {0CC719CB-8863-4810-BBB2-4F94D513A0FF}
		{3E9005DB-5EA1-4BEC-BEC2-3E0324395C73} = {3E9005DB-5EA1-4BEC-BEC2-3E0324395C73}
	EndProjectSection
EndProject
Project("{FAE04EC0-301F-11D3-BF4B-00C04F79EFBC}") = "DataContractDsl.Tests.csproj", ".\Data Contract DSL\Unit Tests\DataContractDsl.Tests\DataContractDsl.Tests.csproj", "{A53BC9C6-4FAE-4473-B168-5321A7415D14}"
	ProjectSection(ProjectDependencies) = postProject
		{755D4D6E-C0D4-4E99-B37F-A02F5D8BBCDB} = {755D4D6E-C0D4-4E99-B37F-A02F5D8BBCDB}
		{0CC719CB-8863-4810-BBB2-4F94D513A0FF} = {0CC719CB-8863-4810-BBB2-4F94D513A0FF}
		{E31971C3-A635-43E8-BCA5-F2F5BAD0052B} = {E31971C3-A635-43E8-BCA5-F2F5BAD0052B}
	EndProjectSection
EndProject
Project("{FAE04EC0-301F-11D3-BF4B-00C04F79EFBC}") = "Microsoft.Practices.FxCop.Rules.WcfSemantic.Tests.csproj", ".\WCF Semantic CodeAnalysis\Unit Tests\Microsoft.Practices.FxCop.Rules.WcfSemantic.Tests.csproj", "{19CA4A65-D683-4F07-9D9A-685EFDFF4C6C}"
	ProjectSection(ProjectDependencies) = postProject
		{08D72E7D-0C20-402D-9A4A-EE4C8838D0C2} = {08D72E7D-0C20-402D-9A4A-EE4C8838D0C2}
	EndProjectSection
EndProject
Project("{FAE04EC0-301F-11D3-BF4B-00C04F79EFBC}") = "Microsoft.Practices.ServiceFactory.Description.Tests.csproj", ".\ServiceFactory.Description\Unit Tests\Microsoft.Practices.ServiceFactory.Description.Tests.csproj", "{FD741C67-E91B-4A3E-B8CD-617109DDCF48}"
	ProjectSection(ProjectDependencies) = postProject
		{CDCFFE54-0B4F-40BA-B124-453A2CB7129A} = {CDCFFE54-0B4F-40BA-B124-453A2CB7129A}
		{9A64FB7C-4490-4D04-9C6E-71274BDF1849} = {9A64FB7C-4490-4D04-9C6E-71274BDF1849}
	EndProjectSection
EndProject
Project("{FAE04EC0-301F-11D3-BF4B-00C04F79EFBC}") = "Extenders.HostDesigner.Wcf.Tests.csproj", ".\Extenders\ServiceFactory.Extenders.HostDesigner.Wcf\Unit Tests\Extenders.HostDesigner.Wcf.Tests.csproj", "{9D8D923B-AE82-4B93-981D-87C0779E0019}"
EndProject
Global
	GlobalSection(SolutionConfigurationPlatforms) = preSolution
		Debug|Any CPU = Debug|Any CPU
		Release|Any CPU = Release|Any CPU
	EndGlobalSection
	GlobalSection(ProjectConfigurationPlatforms) = postSolution
		{C84323DD-A7C8-4801-B6B4-462F6B7C7AF2}.Debug|Any CPU.ActiveCfg = Debug|Any CPU
		{C84323DD-A7C8-4801-B6B4-462F6B7C7AF2}.Debug|Any CPU.Build.0 = Debug|Any CPU
		{C84323DD-A7C8-4801-B6B4-462F6B7C7AF2}.Release|Any CPU.ActiveCfg = Release|Any CPU
		{C84323DD-A7C8-4801-B6B4-462F6B7C7AF2}.Release|Any CPU.Build.0 = Release|Any CPU
		{08D72E7D-0C20-402D-9A4A-EE4C8838D0C2}.Debug|Any CPU.ActiveCfg = Debug|Any CPU
		{08D72E7D-0C20-402D-9A4A-EE4C8838D0C2}.Debug|Any CPU.Build.0 = Debug|Any CPU
		{08D72E7D-0C20-402D-9A4A-EE4C8838D0C2}.Release|Any CPU.ActiveCfg = Release|Any CPU
		{08D72E7D-0C20-402D-9A4A-EE4C8838D0C2}.Release|Any CPU.Build.0 = Release|Any CPU
		{E31971C3-A635-43E8-BCA5-F2F5BAD0052B}.Debug|Any CPU.ActiveCfg = Debug|Any CPU
		{E31971C3-A635-43E8-BCA5-F2F5BAD0052B}.Debug|Any CPU.Build.0 = Debug|Any CPU
		{E31971C3-A635-43E8-BCA5-F2F5BAD0052B}.Release|Any CPU.ActiveCfg = Release|Any CPU
		{E31971C3-A635-43E8-BCA5-F2F5BAD0052B}.Release|Any CPU.Build.0 = Release|Any CPU
		{BBF4C3BA-B22F-42CD-BE9F-5066920077DB}.Debug|Any CPU.ActiveCfg = Debug|Any CPU
		{BBF4C3BA-B22F-42CD-BE9F-5066920077DB}.Debug|Any CPU.Build.0 = Debug|Any CPU
		{BBF4C3BA-B22F-42CD-BE9F-5066920077DB}.Release|Any CPU.ActiveCfg = Release|Any CPU
		{BBF4C3BA-B22F-42CD-BE9F-5066920077DB}.Release|Any CPU.Build.0 = Release|Any CPU
		{3E9005DB-5EA1-4BEC-BEC2-3E0324395C73}.Debug|Any CPU.ActiveCfg = Debug|Any CPU
		{3E9005DB-5EA1-4BEC-BEC2-3E0324395C73}.Debug|Any CPU.Build.0 = Debug|Any CPU
		{3E9005DB-5EA1-4BEC-BEC2-3E0324395C73}.Release|Any CPU.ActiveCfg = Release|Any CPU
		{3E9005DB-5EA1-4BEC-BEC2-3E0324395C73}.Release|Any CPU.Build.0 = Release|Any CPU
		{984972D8-ECF6-493D-82F5-6128945CB155}.Debug|Any CPU.ActiveCfg = Debug|Any CPU
		{984972D8-ECF6-493D-82F5-6128945CB155}.Debug|Any CPU.Build.0 = Debug|Any CPU
		{984972D8-ECF6-493D-82F5-6128945CB155}.Release|Any CPU.ActiveCfg = Release|Any CPU
		{984972D8-ECF6-493D-82F5-6128945CB155}.Release|Any CPU.Build.0 = Release|Any CPU
		{C235B0F0-B751-4673-9707-2BC114250EA2}.Debug|Any CPU.ActiveCfg = Debug|Any CPU
		{C235B0F0-B751-4673-9707-2BC114250EA2}.Debug|Any CPU.Build.0 = Debug|Any CPU
		{C235B0F0-B751-4673-9707-2BC114250EA2}.Release|Any CPU.ActiveCfg = Release|Any CPU
		{C235B0F0-B751-4673-9707-2BC114250EA2}.Release|Any CPU.Build.0 = Release|Any CPU
		{44A0EC7A-DBBB-475F-B7FD-8CACD1334467}.Debug|Any CPU.ActiveCfg = Debug|Any CPU
		{44A0EC7A-DBBB-475F-B7FD-8CACD1334467}.Debug|Any CPU.Build.0 = Debug|Any CPU
		{44A0EC7A-DBBB-475F-B7FD-8CACD1334467}.Release|Any CPU.ActiveCfg = Release|Any CPU
		{44A0EC7A-DBBB-475F-B7FD-8CACD1334467}.Release|Any CPU.Build.0 = Release|Any CPU
		{FCC9B65E-162A-4701-9419-15E275403BD5}.Debug|Any CPU.ActiveCfg = Debug|Any CPU
		{FCC9B65E-162A-4701-9419-15E275403BD5}.Debug|Any CPU.Build.0 = Debug|Any CPU
		{FCC9B65E-162A-4701-9419-15E275403BD5}.Release|Any CPU.ActiveCfg = Release|Any CPU
		{FCC9B65E-162A-4701-9419-15E275403BD5}.Release|Any CPU.Build.0 = Release|Any CPU
		{AECE0DDD-7CC6-406B-B91C-7A308EC9E33F}.Debug|Any CPU.ActiveCfg = Debug|Any CPU
		{AECE0DDD-7CC6-406B-B91C-7A308EC9E33F}.Debug|Any CPU.Build.0 = Debug|Any CPU
		{AECE0DDD-7CC6-406B-B91C-7A308EC9E33F}.Release|Any CPU.ActiveCfg = Release|Any CPU
		{AECE0DDD-7CC6-406B-B91C-7A308EC9E33F}.Release|Any CPU.Build.0 = Release|Any CPU
		{FF3DFDF5-0F3C-4CA1-8FE4-18A136EE17C5}.Debug|Any CPU.ActiveCfg = Debug|Any CPU
		{FF3DFDF5-0F3C-4CA1-8FE4-18A136EE17C5}.Debug|Any CPU.Build.0 = Debug|Any CPU
		{FF3DFDF5-0F3C-4CA1-8FE4-18A136EE17C5}.Release|Any CPU.ActiveCfg = Release|Any CPU
		{FF3DFDF5-0F3C-4CA1-8FE4-18A136EE17C5}.Release|Any CPU.Build.0 = Release|Any CPU
		{823CDF62-A297-4BC4-8832-75BD761D0763}.Debug|Any CPU.ActiveCfg = Debug|Any CPU
		{823CDF62-A297-4BC4-8832-75BD761D0763}.Debug|Any CPU.Build.0 = Debug|Any CPU
		{823CDF62-A297-4BC4-8832-75BD761D0763}.Release|Any CPU.ActiveCfg = Release|Any CPU
		{823CDF62-A297-4BC4-8832-75BD761D0763}.Release|Any CPU.Build.0 = Release|Any CPU
		{860DFF5F-4560-4B08-8498-B456A8E19C6A}.Debug|Any CPU.ActiveCfg = Debug|Any CPU
		{860DFF5F-4560-4B08-8498-B456A8E19C6A}.Debug|Any CPU.Build.0 = Debug|Any CPU
		{860DFF5F-4560-4B08-8498-B456A8E19C6A}.Release|Any CPU.ActiveCfg = Release|Any CPU
		{860DFF5F-4560-4B08-8498-B456A8E19C6A}.Release|Any CPU.Build.0 = Release|Any CPU
		{458BAF5A-9A01-4038-A7CE-222F885FDCE1}.Debug|Any CPU.ActiveCfg = Debug|Any CPU
		{458BAF5A-9A01-4038-A7CE-222F885FDCE1}.Debug|Any CPU.Build.0 = Debug|Any CPU
		{458BAF5A-9A01-4038-A7CE-222F885FDCE1}.Release|Any CPU.ActiveCfg = Release|Any CPU
		{458BAF5A-9A01-4038-A7CE-222F885FDCE1}.Release|Any CPU.Build.0 = Release|Any CPU
		{174D5D10-BB95-483D-B3E1-29A4AFE5669E}.Debug|Any CPU.ActiveCfg = Debug|Any CPU
		{174D5D10-BB95-483D-B3E1-29A4AFE5669E}.Debug|Any CPU.Build.0 = Debug|Any CPU
		{174D5D10-BB95-483D-B3E1-29A4AFE5669E}.Release|Any CPU.ActiveCfg = Release|Any CPU
		{174D5D10-BB95-483D-B3E1-29A4AFE5669E}.Release|Any CPU.Build.0 = Release|Any CPU
		{9A3D9A17-E50B-4226-B09C-E30B74996898}.Debug|Any CPU.ActiveCfg = Debug|Any CPU
		{9A3D9A17-E50B-4226-B09C-E30B74996898}.Release|Any CPU.ActiveCfg = Release|Any CPU
		{9A3D9A17-E50B-4226-B09C-E30B74996898}.Release|Any CPU.Build.0 = Release|Any CPU
		{0CC719CB-8863-4810-BBB2-4F94D513A0FF}.Debug|Any CPU.ActiveCfg = Debug|Any CPU
		{0CC719CB-8863-4810-BBB2-4F94D513A0FF}.Debug|Any CPU.Build.0 = Debug|Any CPU
		{0CC719CB-8863-4810-BBB2-4F94D513A0FF}.Release|Any CPU.ActiveCfg = Release|Any CPU
		{0CC719CB-8863-4810-BBB2-4F94D513A0FF}.Release|Any CPU.Build.0 = Release|Any CPU
		{1A2A690E-5FF2-4C6F-880B-247157DC10FD}.Debug|Any CPU.ActiveCfg = Debug|Any CPU
		{1A2A690E-5FF2-4C6F-880B-247157DC10FD}.Debug|Any CPU.Build.0 = Debug|Any CPU
		{1A2A690E-5FF2-4C6F-880B-247157DC10FD}.Release|Any CPU.ActiveCfg = Release|Any CPU
		{1A2A690E-5FF2-4C6F-880B-247157DC10FD}.Release|Any CPU.Build.0 = Release|Any CPU
		{2734A231-3B33-4F05-A122-9B35565AC7E9}.Debug|Any CPU.ActiveCfg = Debug|Any CPU
		{2734A231-3B33-4F05-A122-9B35565AC7E9}.Debug|Any CPU.Build.0 = Debug|Any CPU
		{2734A231-3B33-4F05-A122-9B35565AC7E9}.Release|Any CPU.ActiveCfg = Release|Any CPU
		{2734A231-3B33-4F05-A122-9B35565AC7E9}.Release|Any CPU.Build.0 = Release|Any CPU
		{80DE8B2F-9CAD-490C-98B1-FC3564BF8D33}.Debug|Any CPU.ActiveCfg = Debug|Any CPU
		{80DE8B2F-9CAD-490C-98B1-FC3564BF8D33}.Debug|Any CPU.Build.0 = Debug|Any CPU
		{80DE8B2F-9CAD-490C-98B1-FC3564BF8D33}.Release|Any CPU.ActiveCfg = Release|Any CPU
		{80DE8B2F-9CAD-490C-98B1-FC3564BF8D33}.Release|Any CPU.Build.0 = Release|Any CPU
		{755D4D6E-C0D4-4E99-B37F-A02F5D8BBCDB}.Debug|Any CPU.ActiveCfg = Debug|Any CPU
		{755D4D6E-C0D4-4E99-B37F-A02F5D8BBCDB}.Debug|Any CPU.Build.0 = Debug|Any CPU
		{755D4D6E-C0D4-4E99-B37F-A02F5D8BBCDB}.Release|Any CPU.ActiveCfg = Release|Any CPU
		{755D4D6E-C0D4-4E99-B37F-A02F5D8BBCDB}.Release|Any CPU.Build.0 = Release|Any CPU
		{3710B9E7-BCA9-4BBC-9F3F-86C82BBE6E9B}.Debug|Any CPU.ActiveCfg = Debug|Any CPU
		{3710B9E7-BCA9-4BBC-9F3F-86C82BBE6E9B}.Debug|Any CPU.Build.0 = Debug|Any CPU
		{3710B9E7-BCA9-4BBC-9F3F-86C82BBE6E9B}.Release|Any CPU.ActiveCfg = Release|Any CPU
		{3710B9E7-BCA9-4BBC-9F3F-86C82BBE6E9B}.Release|Any CPU.Build.0 = Release|Any CPU
		{CAFE2F77-E851-429D-9651-9C9389C81200}.Debug|Any CPU.ActiveCfg = Debug|Any CPU
		{CAFE2F77-E851-429D-9651-9C9389C81200}.Debug|Any CPU.Build.0 = Debug|Any CPU
		{CAFE2F77-E851-429D-9651-9C9389C81200}.Release|Any CPU.ActiveCfg = Release|Any CPU
		{CAFE2F77-E851-429D-9651-9C9389C81200}.Release|Any CPU.Build.0 = Release|Any CPU
		{8404D99F-9A3E-467F-A4D0-5F5D5C15A075}.Debug|Any CPU.ActiveCfg = Debug|Any CPU
		{8404D99F-9A3E-467F-A4D0-5F5D5C15A075}.Debug|Any CPU.Build.0 = Debug|Any CPU
		{8404D99F-9A3E-467F-A4D0-5F5D5C15A075}.Release|Any CPU.ActiveCfg = Release|Any CPU
		{8404D99F-9A3E-467F-A4D0-5F5D5C15A075}.Release|Any CPU.Build.0 = Release|Any CPU
		{CDCFFE54-0B4F-40BA-B124-453A2CB7129A}.Debug|Any CPU.ActiveCfg = Debug|Any CPU
		{CDCFFE54-0B4F-40BA-B124-453A2CB7129A}.Debug|Any CPU.Build.0 = Debug|Any CPU
		{CDCFFE54-0B4F-40BA-B124-453A2CB7129A}.Release|Any CPU.ActiveCfg = Release|Any CPU
		{CDCFFE54-0B4F-40BA-B124-453A2CB7129A}.Release|Any CPU.Build.0 = Release|Any CPU
		{BAA01055-66AE-4603-B02D-81A23C0D55B9}.Debug|Any CPU.ActiveCfg = Debug|Any CPU
		{BAA01055-66AE-4603-B02D-81A23C0D55B9}.Debug|Any CPU.Build.0 = Debug|Any CPU
		{BAA01055-66AE-4603-B02D-81A23C0D55B9}.Release|Any CPU.ActiveCfg = Release|Any CPU
		{BAA01055-66AE-4603-B02D-81A23C0D55B9}.Release|Any CPU.Build.0 = Release|Any CPU
		{E0388C12-DC46-45E2-B4D4-6B82A822BEA0}.Debug|Any CPU.ActiveCfg = Debug|Any CPU
		{E0388C12-DC46-45E2-B4D4-6B82A822BEA0}.Debug|Any CPU.Build.0 = Debug|Any CPU
		{E0388C12-DC46-45E2-B4D4-6B82A822BEA0}.Release|Any CPU.ActiveCfg = Release|Any CPU
		{E0388C12-DC46-45E2-B4D4-6B82A822BEA0}.Release|Any CPU.Build.0 = Release|Any CPU
		{80028C30-9CEE-4E28-9A42-99F5026EF6CD}.Debug|Any CPU.ActiveCfg = Debug|Any CPU
		{80028C30-9CEE-4E28-9A42-99F5026EF6CD}.Debug|Any CPU.Build.0 = Debug|Any CPU
		{80028C30-9CEE-4E28-9A42-99F5026EF6CD}.Release|Any CPU.ActiveCfg = Release|Any CPU
		{80028C30-9CEE-4E28-9A42-99F5026EF6CD}.Release|Any CPU.Build.0 = Release|Any CPU
		{140B9594-399D-4C4E-94B1-B07C6AC3DA9D}.Debug|Any CPU.ActiveCfg = Debug|Any CPU
		{140B9594-399D-4C4E-94B1-B07C6AC3DA9D}.Debug|Any CPU.Build.0 = Debug|Any CPU
		{140B9594-399D-4C4E-94B1-B07C6AC3DA9D}.Release|Any CPU.ActiveCfg = Release|Any CPU
		{140B9594-399D-4C4E-94B1-B07C6AC3DA9D}.Release|Any CPU.Build.0 = Release|Any CPU
		{9A64FB7C-4490-4D04-9C6E-71274BDF1849}.Debug|Any CPU.ActiveCfg = Debug|Any CPU
		{9A64FB7C-4490-4D04-9C6E-71274BDF1849}.Debug|Any CPU.Build.0 = Debug|Any CPU
		{9A64FB7C-4490-4D04-9C6E-71274BDF1849}.Release|Any CPU.ActiveCfg = Release|Any CPU
		{9A64FB7C-4490-4D04-9C6E-71274BDF1849}.Release|Any CPU.Build.0 = Release|Any CPU
		{FAA1C3F6-B458-4981-BA25-97ACF50B65F7}.Debug|Any CPU.ActiveCfg = Debug|Any CPU
		{FAA1C3F6-B458-4981-BA25-97ACF50B65F7}.Debug|Any CPU.Build.0 = Debug|Any CPU
		{FAA1C3F6-B458-4981-BA25-97ACF50B65F7}.Release|Any CPU.ActiveCfg = Release|Any CPU
		{FAA1C3F6-B458-4981-BA25-97ACF50B65F7}.Release|Any CPU.Build.0 = Release|Any CPU
		{C7ABEA16-395F-4E8D-9C97-90467EE16260}.Debug|Any CPU.ActiveCfg = Debug|Any CPU
		{C7ABEA16-395F-4E8D-9C97-90467EE16260}.Debug|Any CPU.Build.0 = Debug|Any CPU
		{C7ABEA16-395F-4E8D-9C97-90467EE16260}.Release|Any CPU.ActiveCfg = Release|Any CPU
		{C7ABEA16-395F-4E8D-9C97-90467EE16260}.Release|Any CPU.Build.0 = Release|Any CPU
		{40D6F8CC-BD94-4FD2-8F8E-8C9936A5F466}.Debug|Any CPU.ActiveCfg = Debug|Any CPU
		{40D6F8CC-BD94-4FD2-8F8E-8C9936A5F466}.Debug|Any CPU.Build.0 = Debug|Any CPU
		{40D6F8CC-BD94-4FD2-8F8E-8C9936A5F466}.Release|Any CPU.ActiveCfg = Release|Any CPU
		{40D6F8CC-BD94-4FD2-8F8E-8C9936A5F466}.Release|Any CPU.Build.0 = Release|Any CPU
		{81E84586-DD5E-4A33-A1AC-88EAEC33FDAB}.Debug|Any CPU.ActiveCfg = Debug|Any CPU
		{81E84586-DD5E-4A33-A1AC-88EAEC33FDAB}.Debug|Any CPU.Build.0 = Debug|Any CPU
		{81E84586-DD5E-4A33-A1AC-88EAEC33FDAB}.Release|Any CPU.ActiveCfg = Release|Any CPU
		{81E84586-DD5E-4A33-A1AC-88EAEC33FDAB}.Release|Any CPU.Build.0 = Release|Any CPU
		{30F31594-34AD-48DF-8C7E-7B3A71A2CF10}.Debug|Any CPU.ActiveCfg = Debug|Any CPU
		{30F31594-34AD-48DF-8C7E-7B3A71A2CF10}.Debug|Any CPU.Build.0 = Debug|Any CPU
		{30F31594-34AD-48DF-8C7E-7B3A71A2CF10}.Release|Any CPU.ActiveCfg = Release|Any CPU
		{30F31594-34AD-48DF-8C7E-7B3A71A2CF10}.Release|Any CPU.Build.0 = Release|Any CPU
		{6CA696CC-C08E-4271-A69C-06D3AB4D5A0B}.Debug|Any CPU.ActiveCfg = Debug|Any CPU
		{6CA696CC-C08E-4271-A69C-06D3AB4D5A0B}.Debug|Any CPU.Build.0 = Debug|Any CPU
		{6CA696CC-C08E-4271-A69C-06D3AB4D5A0B}.Release|Any CPU.ActiveCfg = Release|Any CPU
		{6CA696CC-C08E-4271-A69C-06D3AB4D5A0B}.Release|Any CPU.Build.0 = Release|Any CPU
		{E2C93364-2C3D-41E5-B458-58EFA5969B7C}.Debug|Any CPU.ActiveCfg = Debug|Any CPU
		{E2C93364-2C3D-41E5-B458-58EFA5969B7C}.Debug|Any CPU.Build.0 = Debug|Any CPU
		{E2C93364-2C3D-41E5-B458-58EFA5969B7C}.Release|Any CPU.ActiveCfg = Release|Any CPU
		{E2C93364-2C3D-41E5-B458-58EFA5969B7C}.Release|Any CPU.Build.0 = Release|Any CPU
		{4C7216A4-D9E4-47B1-B7D2-FD4E745318E5}.Debug|Any CPU.ActiveCfg = Debug|Any CPU
		{4C7216A4-D9E4-47B1-B7D2-FD4E745318E5}.Debug|Any CPU.Build.0 = Debug|Any CPU
		{4C7216A4-D9E4-47B1-B7D2-FD4E745318E5}.Release|Any CPU.ActiveCfg = Release|Any CPU
		{4C7216A4-D9E4-47B1-B7D2-FD4E745318E5}.Release|Any CPU.Build.0 = Release|Any CPU
		{A53BC9C6-4FAE-4473-B168-5321A7415D14}.Debug|Any CPU.ActiveCfg = Debug|Any CPU
		{A53BC9C6-4FAE-4473-B168-5321A7415D14}.Debug|Any CPU.Build.0 = Debug|Any CPU
		{A53BC9C6-4FAE-4473-B168-5321A7415D14}.Release|Any CPU.ActiveCfg = Release|Any CPU
		{A53BC9C6-4FAE-4473-B168-5321A7415D14}.Release|Any CPU.Build.0 = Release|Any CPU
		{19CA4A65-D683-4F07-9D9A-685EFDFF4C6C}.Debug|Any CPU.ActiveCfg = Debug|Any CPU
		{19CA4A65-D683-4F07-9D9A-685EFDFF4C6C}.Debug|Any CPU.Build.0 = Debug|Any CPU
		{19CA4A65-D683-4F07-9D9A-685EFDFF4C6C}.Release|Any CPU.ActiveCfg = Release|Any CPU
		{19CA4A65-D683-4F07-9D9A-685EFDFF4C6C}.Release|Any CPU.Build.0 = Release|Any CPU
		{FD741C67-E91B-4A3E-B8CD-617109DDCF48}.Debug|Any CPU.ActiveCfg = Debug|Any CPU
		{FD741C67-E91B-4A3E-B8CD-617109DDCF48}.Debug|Any CPU.Build.0 = Debug|Any CPU
		{FD741C67-E91B-4A3E-B8CD-617109DDCF48}.Release|Any CPU.ActiveCfg = Release|Any CPU
		{FD741C67-E91B-4A3E-B8CD-617109DDCF48}.Release|Any CPU.Build.0 = Release|Any CPU
		{9D8D923B-AE82-4B93-981D-87C0779E0019}.Debug|Any CPU.ActiveCfg = Debug|Any CPU
		{9D8D923B-AE82-4B93-981D-87C0779E0019}.Debug|Any CPU.Build.0 = Debug|Any CPU
		{9D8D923B-AE82-4B93-981D-87C0779E0019}.Release|Any CPU.ActiveCfg = Release|Any CPU
		{9D8D923B-AE82-4B93-981D-87C0779E0019}.Release|Any CPU.Build.0 = Release|Any CPU
	EndGlobalSection
	GlobalSection(SolutionProperties) = preSolution
		HideSolutionNode = FALSE
	EndGlobalSection
	GlobalSection(NestedProjects) = preSolution
		{A6173083-D2A5-4D0B-A660-8DF88B4A7006} = {3DD13A45-8A0D-4050-BF41-10F59B518113}
		{9D8D923B-AE82-4B93-981D-87C0779E0019} = {A6173083-D2A5-4D0B-A660-8DF88B4A7006}
		{FD741C67-E91B-4A3E-B8CD-617109DDCF48} = {A6173083-D2A5-4D0B-A660-8DF88B4A7006}
		{19CA4A65-D683-4F07-9D9A-685EFDFF4C6C} = {A6173083-D2A5-4D0B-A660-8DF88B4A7006}
		{A53BC9C6-4FAE-4473-B168-5321A7415D14} = {A6173083-D2A5-4D0B-A660-8DF88B4A7006}
		{4C7216A4-D9E4-47B1-B7D2-FD4E745318E5} = {A6173083-D2A5-4D0B-A660-8DF88B4A7006}
		{E2C93364-2C3D-41E5-B458-58EFA5969B7C} = {A6173083-D2A5-4D0B-A660-8DF88B4A7006}
		{6CA696CC-C08E-4271-A69C-06D3AB4D5A0B} = {A6173083-D2A5-4D0B-A660-8DF88B4A7006}
		{30F31594-34AD-48DF-8C7E-7B3A71A2CF10} = {A6173083-D2A5-4D0B-A660-8DF88B4A7006}
		{81E84586-DD5E-4A33-A1AC-88EAEC33FDAB} = {A6173083-D2A5-4D0B-A660-8DF88B4A7006}
		{40D6F8CC-BD94-4FD2-8F8E-8C9936A5F466} = {A6173083-D2A5-4D0B-A660-8DF88B4A7006}
		{C7ABEA16-395F-4E8D-9C97-90467EE16260} = {A6173083-D2A5-4D0B-A660-8DF88B4A7006}
		{FAA1C3F6-B458-4981-BA25-97ACF50B65F7} = {A6173083-D2A5-4D0B-A660-8DF88B4A7006}
		{0084AFFE-A4BD-4773-821B-BB5E689A2C0A} = {3DD13A45-8A0D-4050-BF41-10F59B518113}
		{9A64FB7C-4490-4D04-9C6E-71274BDF1849} = {0084AFFE-A4BD-4773-821B-BB5E689A2C0A}
		{4C34DF85-30B9-4E9D-92FA-A8F78E58DFFD} = {3DD13A45-8A0D-4050-BF41-10F59B518113}
		{140B9594-399D-4C4E-94B1-B07C6AC3DA9D} = {4C34DF85-30B9-4E9D-92FA-A8F78E58DFFD}
		{80028C30-9CEE-4E28-9A42-99F5026EF6CD} = {4C34DF85-30B9-4E9D-92FA-A8F78E58DFFD}
		{E0388C12-DC46-45E2-B4D4-6B82A822BEA0} = {6A808282-D86E-4F46-9B3E-1FD5809296E9}
		{BAA01055-66AE-4603-B02D-81A23C0D55B9} = {6A808282-D86E-4F46-9B3E-1FD5809296E9}
		{CDCFFE54-0B4F-40BA-B124-453A2CB7129A} = {679B59DB-1F34-4343-BEAC-66CB732AE360}
		{8404D99F-9A3E-467F-A4D0-5F5D5C15A075} = {679B59DB-1F34-4343-BEAC-66CB732AE360}
		{CAFE2F77-E851-429D-9651-9C9389C81200} = {679B59DB-1F34-4343-BEAC-66CB732AE360}
		{3710B9E7-BCA9-4BBC-9F3F-86C82BBE6E9B} = {679B59DB-1F34-4343-BEAC-66CB732AE360}
		{755D4D6E-C0D4-4E99-B37F-A02F5D8BBCDB} = {679B59DB-1F34-4343-BEAC-66CB732AE360}
		{80DE8B2F-9CAD-490C-98B1-FC3564BF8D33} = {679B59DB-1F34-4343-BEAC-66CB732AE360}
		{2734A231-3B33-4F05-A122-9B35565AC7E9} = {679B59DB-1F34-4343-BEAC-66CB732AE360}
		{1A2A690E-5FF2-4C6F-880B-247157DC10FD} = {679B59DB-1F34-4343-BEAC-66CB732AE360}
		{0CC719CB-8863-4810-BBB2-4F94D513A0FF} = {679B59DB-1F34-4343-BEAC-66CB732AE360}
		{9A3D9A17-E50B-4226-B09C-E30B74996898} = {B4BEC5E6-3F42-456F-8D36-8E7D9E181A1C}
		{174D5D10-BB95-483D-B3E1-29A4AFE5669E} = {B4BEC5E6-3F42-456F-8D36-8E7D9E181A1C}
		{C84323DD-A7C8-4801-B6B4-462F6B7C7AF2} = {B4BEC5E6-3F42-456F-8D36-8E7D9E181A1C}
		{458BAF5A-9A01-4038-A7CE-222F885FDCE1} = {05A4194C-7A38-40B4-8307-EE6607DF7517}
		{860DFF5F-4560-4B08-8498-B456A8E19C6A} = {05A4194C-7A38-40B4-8307-EE6607DF7517}
		{823CDF62-A297-4BC4-8832-75BD761D0763} = {05A4194C-7A38-40B4-8307-EE6607DF7517}
		{FF3DFDF5-0F3C-4CA1-8FE4-18A136EE17C5} = {05A4194C-7A38-40B4-8307-EE6607DF7517}
		{AECE0DDD-7CC6-406B-B91C-7A308EC9E33F} = {05A4194C-7A38-40B4-8307-EE6607DF7517}
		{FCC9B65E-162A-4701-9419-15E275403BD5} = {05A4194C-7A38-40B4-8307-EE6607DF7517}
		{D1236A8D-71FB-4379-8705-58EBB2B7BB6B} = {3BBF4FC9-E19E-4F4D-BBBA-FBB3696496D7}
		{44A0EC7A-DBBB-475F-B7FD-8CACD1334467} = {D1236A8D-71FB-4379-8705-58EBB2B7BB6B}
		{C235B0F0-B751-4673-9707-2BC114250EA2} = {D1236A8D-71FB-4379-8705-58EBB2B7BB6B}
		{7D7C2E66-6B56-4A80-9932-D719B0F3E28B} = {3BBF4FC9-E19E-4F4D-BBBA-FBB3696496D7}
		{984972D8-ECF6-493D-82F5-6128945CB155} = {7D7C2E66-6B56-4A80-9932-D719B0F3E28B}
		{3E9005DB-5EA1-4BEC-BEC2-3E0324395C73} = {7D7C2E66-6B56-4A80-9932-D719B0F3E28B}
		{C08CC1EA-077F-45E2-8A5B-86C9AC8921AC} = {3BBF4FC9-E19E-4F4D-BBBA-FBB3696496D7}
		{BBF4C3BA-B22F-42CD-BE9F-5066920077DB} = {C08CC1EA-077F-45E2-8A5B-86C9AC8921AC}
		{E31971C3-A635-43E8-BCA5-F2F5BAD0052B} = {C08CC1EA-077F-45E2-8A5B-86C9AC8921AC}
		{08D72E7D-0C20-402D-9A4A-EE4C8838D0C2} = {65BE9FEB-3310-4763-971B-0949197E3887}
	EndGlobalSection
EndGlobal
