
Microsoft Visual Studio Solution File, Format Version 10.00
# Visual Studio 2008
Project("{FAE04EC0-301F-11D3-BF4B-00C04F79EFBC}") = "EastAsiaNumericFormatterDemo", "EastAsiaNumericFormatter\EastAsiaNumericFormatterDemo.csproj", "{42655BB0-99F7-4F55-B7B2-709D29F952FE}"
EndProject
Global
	GlobalSection(SolutionConfigurationPlatforms) = preSolution
		Debug|Any CPU = Debug|Any CPU
		Release|Any CPU = Release|Any CPU
	EndGlobalSection
	GlobalSection(ProjectConfigurationPlatforms) = postSolution
		{42655BB0-99F7-4F55-B7B2-709D29F952FE}.Debug|Any CPU.ActiveCfg = Debug|Any CPU
		{42655BB0-99F7-4F55-B7B2-709D29F952FE}.Debug|Any CPU.Build.0 = Debug|Any CPU
		{42655BB0-99F7-4F55-B7B2-709D29F952FE}.Release|Any CPU.ActiveCfg = Release|Any CPU
		{42655BB0-99F7-4F55-B7B2-709D29F952FE}.Release|Any CPU.Build.0 = Release|Any CPU
	EndGlobalSection
	GlobalSection(SolutionProperties) = preSolution
		HideSolutionNode = FALSE
	EndGlobalSection
EndGlobal
