Microsoft Visual Studio Solution File, Format Version 10.00
# Visual Studio 2008
Project("{FAE04EC0-301F-11D3-BF4B-00C04F79EFBC}") = "CSharpRecipes", "CSharpRecipes\CSharpRecipes.csproj", "{C206A029-E43F-444B-9BFC-88F5A6AE09A7}"
	ProjectSection(ProjectDependencies) = postProject
		{09BBA108-1FB9-4F4E-B8DB-D492817DF5D8} = {09BBA108-1FB9-4F4E-B8DB-D492817DF5D8}
	EndProjectSection
EndProject
Project("{FAE04EC0-301F-11D3-BF4B-00C04F79EFBC}") = "SampleClassLibrary", "CSharpRecipes\SampleClassLibrary\SampleClassLibrary.csproj", "{09BBA108-1FB9-4F4E-B8DB-D492817DF5D8}"
EndProject
Project("{FAE04EC0-301F-11D3-BF4B-00C04F79EFBC}") = "MutexFun", "MutexFun\MutexFun.csproj", "{C10441E1-C3CF-4BF4-BFA5-F89B6F38C7DD}"
EndProject
Project("{FAE04EC0-301F-11D3-BF4B-00C04F79EFBC}") = "WebBrowser", "WebBrowser\WebBrowser.csproj", "{0A2066A8-3F19-40BF-BFC5-0D55D974C7E4}"
EndProject
Project("{FAE04EC0-301F-11D3-BF4B-00C04F79EFBC}") = "UnhandledThreadException", "UnhandledThreadException\UnhandledThreadException.csproj", "{F8AE7D98-C97E-4BEC-B3EA-665A9D74D011}"
EndProject
Project("{FAE04EC0-301F-11D3-BF4B-00C04F79EFBC}") = "ConsoleTCPClient_SSL", "ConsoleTCPClient_SSL\ConsoleTCPClient_SSL.csproj", "{938A9B59-3F37-41ED-BC9F-2CEAAB383951}"
EndProject
Project("{FAE04EC0-301F-11D3-BF4B-00C04F79EFBC}") = "ConsoleTCPServer_SSL", "ConsoleTCPServer_SSL\ConsoleTCPServer_SSL.csproj", "{6428110E-6291-4A13-86A2-C8F075EFC15B}"
EndProject
Project("{8BC9CEB8-8B4A-11D0-8D11-00A0C91BC942}") = "ManagedCppException", "ManagedCppException\ManagedCppException.vcproj", "{16E8BBC0-4D1D-43B0-815E-CFE1A9B10D7E}"
EndProject
Project("{FAE04EC0-301F-11D3-BF4B-00C04F79EFBC}") = "CheckManagedCppExceptions", "CheckManagedCppExceptions\CheckManagedCppExceptions.csproj", "{B64D29E5-6630-4652-B630-F8D18DDF9D2B}"
EndProject
Project("{FAE04EC0-301F-11D3-BF4B-00C04F79EFBC}") = "NamedPipeClientConsole", "NamedPipeClientConsole\NamedPipeClientConsole.csproj", "{95F83637-5A42-4889-885C-F71DD939F7D1}"
EndProject
Project("{FAE04EC0-301F-11D3-BF4B-00C04F79EFBC}") = "NamedPipeServerConsole", "NamedPipeServerConsole\NamedPipeServerConsole.csproj", "{67351724-2929-4498-B4C2-52C3D13B44E3}"
EndProject
Project("{FAE04EC0-301F-11D3-BF4B-00C04F79EFBC}") = "PartialClassInterface", "PartialClassInterface\PartialClassInterface.csproj", "{B86E36EF-958A-4B84-871C-0F38163A82CF}"
EndProject
Project("{E24C65DC-7377-472B-9ABA-BC803B73C61A}") = "CSCBWeb", "CSCBWeb\", "{33595EA0-17EC-460A-8D4D-794A7051E7DB}"
	ProjectSection(WebsiteProperties) = preProject
		TargetFramework = "3.5"
		Debug.AspNetCompiler.VirtualPath = "/CSCBWeb"
		Debug.AspNetCompiler.PhysicalPath = "CSCBWeb\"
		Debug.AspNetCompiler.TargetPath = "PrecompiledWeb\CSCBWeb\"
		Debug.AspNetCompiler.Updateable = "true"
		Debug.AspNetCompiler.ForceOverwrite = "true"
		Debug.AspNetCompiler.FixedNames = "false"
		Debug.AspNetCompiler.Debug = "True"
		Release.AspNetCompiler.VirtualPath = "/CSCBWeb"
		Release.AspNetCompiler.PhysicalPath = "CSCBWeb\"
		Release.AspNetCompiler.TargetPath = "PrecompiledWeb\CSCBWeb\"
		Release.AspNetCompiler.Updateable = "true"
		Release.AspNetCompiler.ForceOverwrite = "true"
		Release.AspNetCompiler.FixedNames = "false"
		Release.AspNetCompiler.Debug = "False"
		VWDPort = "4088"
		VWDDynamicPort = "false"
	EndProjectSection
EndProject
Project("{FAE04EC0-301F-11D3-BF4B-00C04F79EFBC}") = "PartialClassAddIn", "PartialClassAddIn\PartialClassAddIn.csproj", "{1574733B-4225-4AAD-8A84-A5D9A2402536}"
EndProject
Project("{FAE04EC0-301F-11D3-BF4B-00C04F79EFBC}") = "UnhandledWPFException", "UnhandledWPFException\UnhandledWPFException.csproj", "{F02556BC-6B24-42A0-BD16-855ED65A2905}"
EndProject
Project("{FAE04EC0-301F-11D3-BF4B-00C04F79EFBC}") = "ConsoleTCPClient", "ConsoleTCPClient\ConsoleTCPClient.csproj", "{77987C36-1E82-4737-B06F-716AED131AF5}"
EndProject
Project("{FAE04EC0-301F-11D3-BF4B-00C04F79EFBC}") = "ConsoleTCPServer", "ConsoleTCPServer\ConsoleTCPServer.csproj", "{9575C9C8-645C-49AD-873B-04879403A9A0}"
EndProject
Global
	GlobalSection(SolutionConfigurationPlatforms) = preSolution
		Debug|.NET = Debug|.NET
		Debug|Any CPU = Debug|Any CPU
		Debug|Mixed Platforms = Debug|Mixed Platforms
		Debug|Win32 = Debug|Win32
		Release|.NET = Release|.NET
		Release|Any CPU = Release|Any CPU
		Release|Mixed Platforms = Release|Mixed Platforms
		Release|Win32 = Release|Win32
	EndGlobalSection
	GlobalSection(ProjectConfigurationPlatforms) = postSolution
		{C206A029-E43F-444B-9BFC-88F5A6AE09A7}.Debug|.NET.ActiveCfg = Debug|Any CPU
		{C206A029-E43F-444B-9BFC-88F5A6AE09A7}.Debug|Any CPU.ActiveCfg = Debug|Any CPU
		{C206A029-E43F-444B-9BFC-88F5A6AE09A7}.Debug|Mixed Platforms.ActiveCfg = Debug|Any CPU
		{C206A029-E43F-444B-9BFC-88F5A6AE09A7}.Debug|Mixed Platforms.Build.0 = Debug|Any CPU
		{C206A029-E43F-444B-9BFC-88F5A6AE09A7}.Debug|Win32.ActiveCfg = Debug|Any CPU
		{C206A029-E43F-444B-9BFC-88F5A6AE09A7}.Release|.NET.ActiveCfg = Release|Any CPU
		{C206A029-E43F-444B-9BFC-88F5A6AE09A7}.Release|Any CPU.ActiveCfg = Release|Any CPU
		{C206A029-E43F-444B-9BFC-88F5A6AE09A7}.Release|Mixed Platforms.ActiveCfg = Debug|Any CPU
		{C206A029-E43F-444B-9BFC-88F5A6AE09A7}.Release|Mixed Platforms.Build.0 = Debug|Any CPU
		{C206A029-E43F-444B-9BFC-88F5A6AE09A7}.Release|Win32.ActiveCfg = Release|Any CPU
		{09BBA108-1FB9-4F4E-B8DB-D492817DF5D8}.Debug|.NET.ActiveCfg = Debug|Any CPU
		{09BBA108-1FB9-4F4E-B8DB-D492817DF5D8}.Debug|Any CPU.ActiveCfg = Debug|Any CPU
		{09BBA108-1FB9-4F4E-B8DB-D492817DF5D8}.Debug|Mixed Platforms.ActiveCfg = Debug|Any CPU
		{09BBA108-1FB9-4F4E-B8DB-D492817DF5D8}.Debug|Mixed Platforms.Build.0 = Debug|Any CPU
		{09BBA108-1FB9-4F4E-B8DB-D492817DF5D8}.Debug|Win32.ActiveCfg = Debug|Any CPU
		{09BBA108-1FB9-4F4E-B8DB-D492817DF5D8}.Release|.NET.ActiveCfg = Release|Any CPU
		{09BBA108-1FB9-4F4E-B8DB-D492817DF5D8}.Release|Any CPU.ActiveCfg = Release|Any CPU
		{09BBA108-1FB9-4F4E-B8DB-D492817DF5D8}.Release|Mixed Platforms.ActiveCfg = Debug|Any CPU
		{09BBA108-1FB9-4F4E-B8DB-D492817DF5D8}.Release|Mixed Platforms.Build.0 = Debug|Any CPU
		{09BBA108-1FB9-4F4E-B8DB-D492817DF5D8}.Release|Win32.ActiveCfg = Release|Any CPU
		{C10441E1-C3CF-4BF4-BFA5-F89B6F38C7DD}.Debug|.NET.ActiveCfg = Debug|Any CPU
		{C10441E1-C3CF-4BF4-BFA5-F89B6F38C7DD}.Debug|Any CPU.ActiveCfg = Debug|Any CPU
		{C10441E1-C3CF-4BF4-BFA5-F89B6F38C7DD}.Debug|Mixed Platforms.ActiveCfg = Debug|Any CPU
		{C10441E1-C3CF-4BF4-BFA5-F89B6F38C7DD}.Debug|Mixed Platforms.Build.0 = Debug|Any CPU
		{C10441E1-C3CF-4BF4-BFA5-F89B6F38C7DD}.Debug|Win32.ActiveCfg = Debug|Any CPU
		{C10441E1-C3CF-4BF4-BFA5-F89B6F38C7DD}.Release|.NET.ActiveCfg = Release|Any CPU
		{C10441E1-C3CF-4BF4-BFA5-F89B6F38C7DD}.Release|Any CPU.ActiveCfg = Release|Any CPU
		{C10441E1-C3CF-4BF4-BFA5-F89B6F38C7DD}.Release|Mixed Platforms.ActiveCfg = Debug|Any CPU
		{C10441E1-C3CF-4BF4-BFA5-F89B6F38C7DD}.Release|Mixed Platforms.Build.0 = Debug|Any CPU
		{C10441E1-C3CF-4BF4-BFA5-F89B6F38C7DD}.Release|Win32.ActiveCfg = Release|Any CPU
		{0A2066A8-3F19-40BF-BFC5-0D55D974C7E4}.Debug|.NET.ActiveCfg = Debug|Any CPU
		{0A2066A8-3F19-40BF-BFC5-0D55D974C7E4}.Debug|Any CPU.ActiveCfg = Debug|Any CPU
		{0A2066A8-3F19-40BF-BFC5-0D55D974C7E4}.Debug|Mixed Platforms.ActiveCfg = Debug|Any CPU
		{0A2066A8-3F19-40BF-BFC5-0D55D974C7E4}.Debug|Mixed Platforms.Build.0 = Debug|Any CPU
		{0A2066A8-3F19-40BF-BFC5-0D55D974C7E4}.Debug|Win32.ActiveCfg = Debug|Any CPU
		{0A2066A8-3F19-40BF-BFC5-0D55D974C7E4}.Release|.NET.ActiveCfg = Release|Any CPU
		{0A2066A8-3F19-40BF-BFC5-0D55D974C7E4}.Release|Any CPU.ActiveCfg = Release|Any CPU
		{0A2066A8-3F19-40BF-BFC5-0D55D974C7E4}.Release|Mixed Platforms.ActiveCfg = Debug|Any CPU
		{0A2066A8-3F19-40BF-BFC5-0D55D974C7E4}.Release|Mixed Platforms.Build.0 = Debug|Any CPU
		{0A2066A8-3F19-40BF-BFC5-0D55D974C7E4}.Release|Win32.ActiveCfg = Release|Any CPU
		{F8AE7D98-C97E-4BEC-B3EA-665A9D74D011}.Debug|.NET.ActiveCfg = Debug|Any CPU
		{F8AE7D98-C97E-4BEC-B3EA-665A9D74D011}.Debug|Any CPU.ActiveCfg = Debug|Any CPU
		{F8AE7D98-C97E-4BEC-B3EA-665A9D74D011}.Debug|Mixed Platforms.ActiveCfg = Debug|Any CPU
		{F8AE7D98-C97E-4BEC-B3EA-665A9D74D011}.Debug|Mixed Platforms.Build.0 = Debug|Any CPU
		{F8AE7D98-C97E-4BEC-B3EA-665A9D74D011}.Debug|Win32.ActiveCfg = Debug|Any CPU
		{F8AE7D98-C97E-4BEC-B3EA-665A9D74D011}.Release|.NET.ActiveCfg = Release|Any CPU
		{F8AE7D98-C97E-4BEC-B3EA-665A9D74D011}.Release|Any CPU.ActiveCfg = Release|Any CPU
		{F8AE7D98-C97E-4BEC-B3EA-665A9D74D011}.Release|Mixed Platforms.ActiveCfg = Release|Any CPU
		{F8AE7D98-C97E-4BEC-B3EA-665A9D74D011}.Release|Mixed Platforms.Build.0 = Release|Any CPU
		{F8AE7D98-C97E-4BEC-B3EA-665A9D74D011}.Release|Win32.ActiveCfg = Release|Any CPU
		{938A9B59-3F37-41ED-BC9F-2CEAAB383951}.Debug|.NET.ActiveCfg = Debug|Any CPU
		{938A9B59-3F37-41ED-BC9F-2CEAAB383951}.Debug|Any CPU.ActiveCfg = Debug|Any CPU
		{938A9B59-3F37-41ED-BC9F-2CEAAB383951}.Debug|Mixed Platforms.ActiveCfg = Debug|Any CPU
		{938A9B59-3F37-41ED-BC9F-2CEAAB383951}.Debug|Mixed Platforms.Build.0 = Debug|Any CPU
		{938A9B59-3F37-41ED-BC9F-2CEAAB383951}.Debug|Win32.ActiveCfg = Debug|Any CPU
		{938A9B59-3F37-41ED-BC9F-2CEAAB383951}.Release|.NET.ActiveCfg = Release|Any CPU
		{938A9B59-3F37-41ED-BC9F-2CEAAB383951}.Release|Any CPU.ActiveCfg = Release|Any CPU
		{938A9B59-3F37-41ED-BC9F-2CEAAB383951}.Release|Mixed Platforms.ActiveCfg = Release|Any CPU
		{938A9B59-3F37-41ED-BC9F-2CEAAB383951}.Release|Mixed Platforms.Build.0 = Release|Any CPU
		{938A9B59-3F37-41ED-BC9F-2CEAAB383951}.Release|Win32.ActiveCfg = Release|Any CPU
		{6428110E-6291-4A13-86A2-C8F075EFC15B}.Debug|.NET.ActiveCfg = Debug|Any CPU
		{6428110E-6291-4A13-86A2-C8F075EFC15B}.Debug|Any CPU.ActiveCfg = Debug|Any CPU
		{6428110E-6291-4A13-86A2-C8F075EFC15B}.Debug|Mixed Platforms.ActiveCfg = Debug|Any CPU
		{6428110E-6291-4A13-86A2-C8F075EFC15B}.Debug|Mixed Platforms.Build.0 = Debug|Any CPU
		{6428110E-6291-4A13-86A2-C8F075EFC15B}.Debug|Win32.ActiveCfg = Debug|Any CPU
		{6428110E-6291-4A13-86A2-C8F075EFC15B}.Release|.NET.ActiveCfg = Release|Any CPU
		{6428110E-6291-4A13-86A2-C8F075EFC15B}.Release|Any CPU.ActiveCfg = Release|Any CPU
		{6428110E-6291-4A13-86A2-C8F075EFC15B}.Release|Mixed Platforms.ActiveCfg = Release|Any CPU
		{6428110E-6291-4A13-86A2-C8F075EFC15B}.Release|Mixed Platforms.Build.0 = Release|Any CPU
		{6428110E-6291-4A13-86A2-C8F075EFC15B}.Release|Win32.ActiveCfg = Release|Any CPU
		{16E8BBC0-4D1D-43B0-815E-CFE1A9B10D7E}.Debug|.NET.ActiveCfg = Debug|Win32
		{16E8BBC0-4D1D-43B0-815E-CFE1A9B10D7E}.Debug|Any CPU.ActiveCfg = Debug|Win32
		{16E8BBC0-4D1D-43B0-815E-CFE1A9B10D7E}.Debug|Mixed Platforms.ActiveCfg = Debug|Win32
		{16E8BBC0-4D1D-43B0-815E-CFE1A9B10D7E}.Debug|Mixed Platforms.Build.0 = Debug|Win32
		{16E8BBC0-4D1D-43B0-815E-CFE1A9B10D7E}.Debug|Win32.ActiveCfg = Debug|Win32
		{16E8BBC0-4D1D-43B0-815E-CFE1A9B10D7E}.Debug|Win32.Build.0 = Debug|Win32
		{16E8BBC0-4D1D-43B0-815E-CFE1A9B10D7E}.Release|.NET.ActiveCfg = Release|Win32
		{16E8BBC0-4D1D-43B0-815E-CFE1A9B10D7E}.Release|Any CPU.ActiveCfg = Release|Win32
		{16E8BBC0-4D1D-43B0-815E-CFE1A9B10D7E}.Release|Mixed Platforms.ActiveCfg = Release|Win32
		{16E8BBC0-4D1D-43B0-815E-CFE1A9B10D7E}.Release|Mixed Platforms.Build.0 = Release|Win32
		{16E8BBC0-4D1D-43B0-815E-CFE1A9B10D7E}.Release|Win32.ActiveCfg = Release|Win32
		{16E8BBC0-4D1D-43B0-815E-CFE1A9B10D7E}.Release|Win32.Build.0 = Release|Win32
		{B64D29E5-6630-4652-B630-F8D18DDF9D2B}.Debug|.NET.ActiveCfg = Debug|Any CPU
		{B64D29E5-6630-4652-B630-F8D18DDF9D2B}.Debug|Any CPU.ActiveCfg = Debug|Any CPU
		{B64D29E5-6630-4652-B630-F8D18DDF9D2B}.Debug|Mixed Platforms.ActiveCfg = Debug|Any CPU
		{B64D29E5-6630-4652-B630-F8D18DDF9D2B}.Debug|Mixed Platforms.Build.0 = Debug|Any CPU
		{B64D29E5-6630-4652-B630-F8D18DDF9D2B}.Debug|Win32.ActiveCfg = Debug|Any CPU
		{B64D29E5-6630-4652-B630-F8D18DDF9D2B}.Release|.NET.ActiveCfg = Release|Any CPU
		{B64D29E5-6630-4652-B630-F8D18DDF9D2B}.Release|Any CPU.ActiveCfg = Release|Any CPU
		{B64D29E5-6630-4652-B630-F8D18DDF9D2B}.Release|Mixed Platforms.ActiveCfg = Release|Any CPU
		{B64D29E5-6630-4652-B630-F8D18DDF9D2B}.Release|Mixed Platforms.Build.0 = Release|Any CPU
		{B64D29E5-6630-4652-B630-F8D18DDF9D2B}.Release|Win32.ActiveCfg = Release|Any CPU
		{95F83637-5A42-4889-885C-F71DD939F7D1}.Debug|.NET.ActiveCfg = Debug|Any CPU
		{95F83637-5A42-4889-885C-F71DD939F7D1}.Debug|Any CPU.ActiveCfg = Debug|Any CPU
		{95F83637-5A42-4889-885C-F71DD939F7D1}.Debug|Any CPU.Build.0 = Debug|Any CPU
		{95F83637-5A42-4889-885C-F71DD939F7D1}.Debug|Mixed Platforms.ActiveCfg = Debug|Any CPU
		{95F83637-5A42-4889-885C-F71DD939F7D1}.Debug|Mixed Platforms.Build.0 = Debug|Any CPU
		{95F83637-5A42-4889-885C-F71DD939F7D1}.Debug|Win32.ActiveCfg = Debug|Any CPU
		{95F83637-5A42-4889-885C-F71DD939F7D1}.Release|.NET.ActiveCfg = Release|Any CPU
		{95F83637-5A42-4889-885C-F71DD939F7D1}.Release|Any CPU.ActiveCfg = Release|Any CPU
		{95F83637-5A42-4889-885C-F71DD939F7D1}.Release|Any CPU.Build.0 = Release|Any CPU
		{95F83637-5A42-4889-885C-F71DD939F7D1}.Release|Mixed Platforms.ActiveCfg = Release|Any CPU
		{95F83637-5A42-4889-885C-F71DD939F7D1}.Release|Mixed Platforms.Build.0 = Release|Any CPU
		{95F83637-5A42-4889-885C-F71DD939F7D1}.Release|Win32.ActiveCfg = Release|Any CPU
		{67351724-2929-4498-B4C2-52C3D13B44E3}.Debug|.NET.ActiveCfg = Debug|Any CPU
		{67351724-2929-4498-B4C2-52C3D13B44E3}.Debug|Any CPU.ActiveCfg = Debug|Any CPU
		{67351724-2929-4498-B4C2-52C3D13B44E3}.Debug|Any CPU.Build.0 = Debug|Any CPU
		{67351724-2929-4498-B4C2-52C3D13B44E3}.Debug|Mixed Platforms.ActiveCfg = Debug|Any CPU
		{67351724-2929-4498-B4C2-52C3D13B44E3}.Debug|Mixed Platforms.Build.0 = Debug|Any CPU
		{67351724-2929-4498-B4C2-52C3D13B44E3}.Debug|Win32.ActiveCfg = Debug|Any CPU
		{67351724-2929-4498-B4C2-52C3D13B44E3}.Release|.NET.ActiveCfg = Release|Any CPU
		{67351724-2929-4498-B4C2-52C3D13B44E3}.Release|Any CPU.ActiveCfg = Release|Any CPU
		{67351724-2929-4498-B4C2-52C3D13B44E3}.Release|Any CPU.Build.0 = Release|Any CPU
		{67351724-2929-4498-B4C2-52C3D13B44E3}.Release|Mixed Platforms.ActiveCfg = Release|Any CPU
		{67351724-2929-4498-B4C2-52C3D13B44E3}.Release|Mixed Platforms.Build.0 = Release|Any CPU
		{67351724-2929-4498-B4C2-52C3D13B44E3}.Release|Win32.ActiveCfg = Release|Any CPU
		{B86E36EF-958A-4B84-871C-0F38163A82CF}.Debug|.NET.ActiveCfg = Debug|Any CPU
		{B86E36EF-958A-4B84-871C-0F38163A82CF}.Debug|Any CPU.ActiveCfg = Debug|Any CPU
		{B86E36EF-958A-4B84-871C-0F38163A82CF}.Debug|Any CPU.Build.0 = Debug|Any CPU
		{B86E36EF-958A-4B84-871C-0F38163A82CF}.Debug|Mixed Platforms.ActiveCfg = Debug|Any CPU
		{B86E36EF-958A-4B84-871C-0F38163A82CF}.Debug|Mixed Platforms.Build.0 = Debug|Any CPU
		{B86E36EF-958A-4B84-871C-0F38163A82CF}.Debug|Win32.ActiveCfg = Debug|Any CPU
		{B86E36EF-958A-4B84-871C-0F38163A82CF}.Release|.NET.ActiveCfg = Release|Any CPU
		{B86E36EF-958A-4B84-871C-0F38163A82CF}.Release|Any CPU.ActiveCfg = Release|Any CPU
		{B86E36EF-958A-4B84-871C-0F38163A82CF}.Release|Any CPU.Build.0 = Release|Any CPU
		{B86E36EF-958A-4B84-871C-0F38163A82CF}.Release|Mixed Platforms.ActiveCfg = Release|Any CPU
		{B86E36EF-958A-4B84-871C-0F38163A82CF}.Release|Mixed Platforms.Build.0 = Release|Any CPU
		{B86E36EF-958A-4B84-871C-0F38163A82CF}.Release|Win32.ActiveCfg = Release|Any CPU
		{33595EA0-17EC-460A-8D4D-794A7051E7DB}.Debug|.NET.ActiveCfg = Debug|.NET
		{33595EA0-17EC-460A-8D4D-794A7051E7DB}.Debug|.NET.Build.0 = Debug|.NET
		{33595EA0-17EC-460A-8D4D-794A7051E7DB}.Debug|Any CPU.ActiveCfg = Debug|.NET
		{33595EA0-17EC-460A-8D4D-794A7051E7DB}.Debug|Mixed Platforms.ActiveCfg = Debug|.NET
		{33595EA0-17EC-460A-8D4D-794A7051E7DB}.Debug|Mixed Platforms.Build.0 = Debug|.NET
		{33595EA0-17EC-460A-8D4D-794A7051E7DB}.Debug|Win32.ActiveCfg = Debug|.NET
		{33595EA0-17EC-460A-8D4D-794A7051E7DB}.Release|.NET.ActiveCfg = Debug|.NET
		{33595EA0-17EC-460A-8D4D-794A7051E7DB}.Release|.NET.Build.0 = Debug|.NET
		{33595EA0-17EC-460A-8D4D-794A7051E7DB}.Release|Any CPU.ActiveCfg = Debug|.NET
		{33595EA0-17EC-460A-8D4D-794A7051E7DB}.Release|Mixed Platforms.ActiveCfg = Debug|.NET
		{33595EA0-17EC-460A-8D4D-794A7051E7DB}.Release|Mixed Platforms.Build.0 = Debug|.NET
		{33595EA0-17EC-460A-8D4D-794A7051E7DB}.Release|Win32.ActiveCfg = Debug|.NET
		{1574733B-4225-4AAD-8A84-A5D9A2402536}.Debug|.NET.ActiveCfg = Debug|Any CPU
		{1574733B-4225-4AAD-8A84-A5D9A2402536}.Debug|Any CPU.ActiveCfg = Debug|Any CPU
		{1574733B-4225-4AAD-8A84-A5D9A2402536}.Debug|Any CPU.Build.0 = Debug|Any CPU
		{1574733B-4225-4AAD-8A84-A5D9A2402536}.Debug|Mixed Platforms.ActiveCfg = Debug|Any CPU
		{1574733B-4225-4AAD-8A84-A5D9A2402536}.Debug|Mixed Platforms.Build.0 = Debug|Any CPU
		{1574733B-4225-4AAD-8A84-A5D9A2402536}.Debug|Win32.ActiveCfg = Debug|Any CPU
		{1574733B-4225-4AAD-8A84-A5D9A2402536}.Release|.NET.ActiveCfg = Release|Any CPU
		{1574733B-4225-4AAD-8A84-A5D9A2402536}.Release|Any CPU.ActiveCfg = Release|Any CPU
		{1574733B-4225-4AAD-8A84-A5D9A2402536}.Release|Any CPU.Build.0 = Release|Any CPU
		{1574733B-4225-4AAD-8A84-A5D9A2402536}.Release|Mixed Platforms.ActiveCfg = Release|Any CPU
		{1574733B-4225-4AAD-8A84-A5D9A2402536}.Release|Mixed Platforms.Build.0 = Release|Any CPU
		{1574733B-4225-4AAD-8A84-A5D9A2402536}.Release|Win32.ActiveCfg = Release|Any CPU
		{F02556BC-6B24-42A0-BD16-855ED65A2905}.Debug|.NET.ActiveCfg = Debug|Any CPU
		{F02556BC-6B24-42A0-BD16-855ED65A2905}.Debug|Any CPU.ActiveCfg = Debug|Any CPU
		{F02556BC-6B24-42A0-BD16-855ED65A2905}.Debug|Any CPU.Build.0 = Debug|Any CPU
		{F02556BC-6B24-42A0-BD16-855ED65A2905}.Debug|Mixed Platforms.ActiveCfg = Debug|Any CPU
		{F02556BC-6B24-42A0-BD16-855ED65A2905}.Debug|Mixed Platforms.Build.0 = Debug|Any CPU
		{F02556BC-6B24-42A0-BD16-855ED65A2905}.Debug|Win32.ActiveCfg = Debug|Any CPU
		{F02556BC-6B24-42A0-BD16-855ED65A2905}.Release|.NET.ActiveCfg = Release|Any CPU
		{F02556BC-6B24-42A0-BD16-855ED65A2905}.Release|Any CPU.ActiveCfg = Release|Any CPU
		{F02556BC-6B24-42A0-BD16-855ED65A2905}.Release|Any CPU.Build.0 = Release|Any CPU
		{F02556BC-6B24-42A0-BD16-855ED65A2905}.Release|Mixed Platforms.ActiveCfg = Release|Any CPU
		{F02556BC-6B24-42A0-BD16-855ED65A2905}.Release|Mixed Platforms.Build.0 = Release|Any CPU
		{F02556BC-6B24-42A0-BD16-855ED65A2905}.Release|Win32.ActiveCfg = Release|Any CPU
		{77987C36-1E82-4737-B06F-716AED131AF5}.Debug|.NET.ActiveCfg = Debug|Any CPU
		{77987C36-1E82-4737-B06F-716AED131AF5}.Debug|Any CPU.ActiveCfg = Debug|Any CPU
		{77987C36-1E82-4737-B06F-716AED131AF5}.Debug|Any CPU.Build.0 = Debug|Any CPU
		{77987C36-1E82-4737-B06F-716AED131AF5}.Debug|Mixed Platforms.ActiveCfg = Debug|Any CPU
		{77987C36-1E82-4737-B06F-716AED131AF5}.Debug|Mixed Platforms.Build.0 = Debug|Any CPU
		{77987C36-1E82-4737-B06F-716AED131AF5}.Debug|Win32.ActiveCfg = Debug|Any CPU
		{77987C36-1E82-4737-B06F-716AED131AF5}.Release|.NET.ActiveCfg = Release|Any CPU
		{77987C36-1E82-4737-B06F-716AED131AF5}.Release|Any CPU.ActiveCfg = Release|Any CPU
		{77987C36-1E82-4737-B06F-716AED131AF5}.Release|Any CPU.Build.0 = Release|Any CPU
		{77987C36-1E82-4737-B06F-716AED131AF5}.Release|Mixed Platforms.ActiveCfg = Release|Any CPU
		{77987C36-1E82-4737-B06F-716AED131AF5}.Release|Mixed Platforms.Build.0 = Release|Any CPU
		{77987C36-1E82-4737-B06F-716AED131AF5}.Release|Win32.ActiveCfg = Release|Any CPU
		{9575C9C8-645C-49AD-873B-04879403A9A0}.Debug|.NET.ActiveCfg = Debug|Any CPU
		{9575C9C8-645C-49AD-873B-04879403A9A0}.Debug|Any CPU.ActiveCfg = Debug|Any CPU
		{9575C9C8-645C-49AD-873B-04879403A9A0}.Debug|Any CPU.Build.0 = Debug|Any CPU
		{9575C9C8-645C-49AD-873B-04879403A9A0}.Debug|Mixed Platforms.ActiveCfg = Debug|Any CPU
		{9575C9C8-645C-49AD-873B-04879403A9A0}.Debug|Mixed Platforms.Build.0 = Debug|Any CPU
		{9575C9C8-645C-49AD-873B-04879403A9A0}.Debug|Win32.ActiveCfg = Debug|Any CPU
		{9575C9C8-645C-49AD-873B-04879403A9A0}.Release|.NET.ActiveCfg = Release|Any CPU
		{9575C9C8-645C-49AD-873B-04879403A9A0}.Release|Any CPU.ActiveCfg = Release|Any CPU
		{9575C9C8-645C-49AD-873B-04879403A9A0}.Release|Any CPU.Build.0 = Release|Any CPU
		{9575C9C8-645C-49AD-873B-04879403A9A0}.Release|Mixed Platforms.ActiveCfg = Release|Any CPU
		{9575C9C8-645C-49AD-873B-04879403A9A0}.Release|Mixed Platforms.Build.0 = Release|Any CPU
		{9575C9C8-645C-49AD-873B-04879403A9A0}.Release|Win32.ActiveCfg = Release|Any CPU
	EndGlobalSection
	GlobalSection(SolutionProperties) = preSolution
		HideSolutionNode = FALSE
	EndGlobalSection
EndGlobal
